// !$*UTF8*$!
{
	archiveVersion = 1;
	classes = {
	};
	objectVersion = 46;
	objects = {

/* Begin PBXBuildFile section */
		4D994A891CF7FAB50088E174 /* AppDelegate.swift in Sources */ = {isa = PBXBuildFile; fileRef = 4D994A881CF7FAB50088E174 /* AppDelegate.swift */; };
		4D994A8B1CF7FAB50088E174 /* ViewController.swift in Sources */ = {isa = PBXBuildFile; fileRef = 4D994A8A1CF7FAB50088E174 /* ViewController.swift */; };
		4D994A8E1CF7FAB50088E174 /* Main.storyboard in Resources */ = {isa = PBXBuildFile; fileRef = 4D994A8C1CF7FAB50088E174 /* Main.storyboard */; };
		4D994A901CF7FAB50088E174 /* Assets.xcassets in Resources */ = {isa = PBXBuildFile; fileRef = 4D994A8F1CF7FAB50088E174 /* Assets.xcassets */; };
		4D994A931CF7FAB50088E174 /* LaunchScreen.storyboard in Resources */ = {isa = PBXBuildFile; fileRef = 4D994A911CF7FAB50088E174 /* LaunchScreen.storyboard */; };
		4D994A9E1CF7FAB50088E174 /* download_imageTests.swift in Sources */ = {isa = PBXBuildFile; fileRef = 4D994A9D1CF7FAB50088E174 /* download_imageTests.swift */; };
		4D994AA91CF7FAB50088E174 /* download_imageUITests.swift in Sources */ = {isa = PBXBuildFile; fileRef = 4D994AA81CF7FAB50088E174 /* download_imageUITests.swift */; };
/* End PBXBuildFile section */

/* Begin PBXContainerItemProxy section */
		4D994A9A1CF7FAB50088E174 /* PBXContainerItemProxy */ = {
			isa = PBXContainerItemProxy;
			containerPortal = 4D994A7D1CF7FAB50088E174 /* Project object */;
			proxyType = 1;
			remoteGlobalIDString = 4D994A841CF7FAB50088E174;
			remoteInfo = "download image";
		};
		4D994AA51CF7FAB50088E174 /* PBXContainerItemProxy */ = {
			isa = PBXContainerItemProxy;
			containerPortal = 4D994A7D1CF7FAB50088E174 /* Project object */;
			proxyType = 1;
			remoteGlobalIDString = 4D994A841CF7FAB50088E174;
			remoteInfo = "download image";
		};
/* End PBXContainerItemProxy section */

/* Begin PBXFileReference section */
		4D994A851CF7FAB50088E174 /* download image.app */ = {isa = PBXFileReference; explicitFileType = wrapper.application; includeInIndex = 0; path = "download image.app"; sourceTree = BUILT_PRODUCTS_DIR; };
		4D994A881CF7FAB50088E174 /* AppDelegate.swift */ = {isa = PBXFileReference; lastKnownFileType = sourcecode.swift; path = AppDelegate.swift; sourceTree = "<group>"; };
		4D994A8A1CF7FAB50088E174 /* ViewController.swift */ = {isa = PBXFileReference; lastKnownFileType = sourcecode.swift; path = ViewController.swift; sourceTree = "<group>"; };
		4D994A8D1CF7FAB50088E174 /* Base */ = {isa = PBXFileReference; lastKnownFileType = file.storyboard; name = Base; path = Base.lproj/Main.storyboard; sourceTree = "<group>"; };
		4D994A8F1CF7FAB50088E174 /* Assets.xcassets */ = {isa = PBXFileReference; lastKnownFileType = folder.assetcatalog; path = Assets.xcassets; sourceTree = "<group>"; };
		4D994A921CF7FAB50088E174 /* Base */ = {isa = PBXFileReference; lastKnownFileType = file.storyboard; name = Base; path = Base.lproj/LaunchScreen.storyboard; sourceTree = "<group>"; };
		4D994A941CF7FAB50088E174 /* Info.plist */ = {isa = PBXFileReference; lastKnownFileType = text.plist.xml; path = Info.plist; sourceTree = "<group>"; };
		4D994A991CF7FAB50088E174 /* download imageTests.xctest */ = {isa = PBXFileReference; explicitFileType = wrapper.cfbundle; includeInIndex = 0; path = "download imageTests.xctest"; sourceTree = BUILT_PRODUCTS_DIR; };
		4D994A9D1CF7FAB50088E174 /* download_imageTests.swift */ = {isa = PBXFileReference; lastKnownFileType = sourcecode.swift; path = download_imageTests.swift; sourceTree = "<group>"; };
		4D994A9F1CF7FAB50088E174 /* Info.plist */ = {isa = PBXFileReference; lastKnownFileType = text.plist.xml; path = Info.plist; sourceTree = "<group>"; };
		4D994AA41CF7FAB50088E174 /* download imageUITests.xctest */ = {isa = PBXFileReference; explicitFileType = wrapper.cfbundle; includeInIndex = 0; path = "download imageUITests.xctest"; sourceTree = BUILT_PRODUCTS_DIR; };
		4D994AA81CF7FAB50088E174 /* download_imageUITests.swift */ = {isa = PBXFileReference; lastKnownFileType = sourcecode.swift; path = download_imageUITests.swift; sourceTree = "<group>"; };
		4D994AAA1CF7FAB50088E174 /* Info.plist */ = {isa = PBXFileReference; lastKnownFileType = text.plist.xml; path = Info.plist; sourceTree = "<group>"; };
/* End PBXFileReference section */

/* Begin PBXFrameworksBuildPhase section */
		4D994A821CF7FAB50088E174 /* Frameworks */ = {
			isa = PBXFrameworksBuildPhase;
			buildActionMask = 2147483647;
			files = (
			);
			runOnlyForDeploymentPostprocessing = 0;
		};
		4D994A961CF7FAB50088E174 /* Frameworks */ = {
			isa = PBXFrameworksBuildPhase;
			buildActionMask = 2147483647;
			files = (
			);
			runOnlyForDeploymentPostprocessing = 0;
		};
		4D994AA11CF7FAB50088E174 /* Frameworks */ = {
			isa = PBXFrameworksBuildPhase;
			buildActionMask = 2147483647;
			files = (
			);
			runOnlyForDeploymentPostprocessing = 0;
		};
/* End PBXFrameworksBuildPhase section */

/* Begin PBXGroup section */
		4D994A7C1CF7FAB50088E174 = {
			isa = PBXGroup;
			children = (
				4D994A871CF7FAB50088E174 /* download image */,
				4D994A9C1CF7FAB50088E174 /* download imageTests */,
				4D994AA71CF7FAB50088E174 /* download imageUITests */,
				4D994A861CF7FAB50088E174 /* Products */,
			);
			sourceTree = "<group>";
		};
		4D994A861CF7FAB50088E174 /* Products */ = {
			isa = PBXGroup;
			children = (
				4D994A851CF7FAB50088E174 /* download image.app */,
				4D994A991CF7FAB50088E174 /* download imageTests.xctest */,
				4D994AA41CF7FAB50088E174 /* download imageUITests.xctest */,
			);
			name = Products;
			sourceTree = "<group>";
		};
		4D994A871CF7FAB50088E174 /* download image */ = {
			isa = PBXGroup;
			children = (
				4D994A881CF7FAB50088E174 /* AppDelegate.swift */,
				4D994A8A1CF7FAB50088E174 /* ViewController.swift */,
				4D994A8C1CF7FAB50088E174 /* Main.storyboard */,
				4D994A8F1CF7FAB50088E174 /* Assets.xcassets */,
				4D994A911CF7FAB50088E174 /* LaunchScreen.storyboard */,
				4D994A941CF7FAB50088E174 /* Info.plist */,
			);
			path = "download image";
			sourceTree = "<group>";
		};
		4D994A9C1CF7FAB50088E174 /* download imageTests */ = {
			isa = PBXGroup;
			children = (
				4D994A9D1CF7FAB50088E174 /* download_imageTests.swift */,
				4D994A9F1CF7FAB50088E174 /* Info.plist */,
			);
			path = "download imageTests";
			sourceTree = "<group>";
		};
		4D994AA71CF7FAB50088E174 /* download imageUITests */ = {
			isa = PBXGroup;
			children = (
				4D994AA81CF7FAB50088E174 /* download_imageUITests.swift */,
				4D994AAA1CF7FAB50088E174 /* Info.plist */,
			);
			path = "download imageUITests";
			sourceTree = "<group>";
		};
/* End PBXGroup section */

/* Begin PBXNativeTarget section */
		4D994A841CF7FAB50088E174 /* download image */ = {
			isa = PBXNativeTarget;
			buildConfigurationList = 4D994AAD1CF7FAB50088E174 /* Build configuration list for PBXNativeTarget "download image" */;
			buildPhases = (
				4D994A811CF7FAB50088E174 /* Sources */,
				4D994A821CF7FAB50088E174 /* Frameworks */,
				4D994A831CF7FAB50088E174 /* Resources */,
			);
			buildRules = (
			);
			dependencies = (
			);
			name = "download image";
			productName = "download image";
			productReference = 4D994A851CF7FAB50088E174 /* download image.app */;
			productType = "com.apple.product-type.application";
		};
		4D994A981CF7FAB50088E174 /* download imageTests */ = {
			isa = PBXNativeTarget;
			buildConfigurationList = 4D994AB01CF7FAB50088E174 /* Build configuration list for PBXNativeTarget "download imageTests" */;
			buildPhases = (
				4D994A951CF7FAB50088E174 /* Sources */,
				4D994A961CF7FAB50088E174 /* Frameworks */,
				4D994A971CF7FAB50088E174 /* Resources */,
			);
			buildRules = (
			);
			dependencies = (
				4D994A9B1CF7FAB50088E174 /* PBXTargetDependency */,
			);
			name = "download imageTests";
			productName = "download imageTests";
			productReference = 4D994A991CF7FAB50088E174 /* download imageTests.xctest */;
			productType = "com.apple.product-type.bundle.unit-test";
		};
		4D994AA31CF7FAB50088E174 /* download imageUITests */ = {
			isa = PBXNativeTarget;
			buildConfigurationList = 4D994AB31CF7FAB50088E174 /* Build configuration list for PBXNativeTarget "download imageUITests" */;
			buildPhases = (
				4D994AA01CF7FAB50088E174 /* Sources */,
				4D994AA11CF7FAB50088E174 /* Frameworks */,
				4D994AA21CF7FAB50088E174 /* Resources */,
			);
			buildRules = (
			);
			dependencies = (
				4D994AA61CF7FAB50088E174 /* PBXTargetDependency */,
			);
			name = "download imageUITests";
			productName = "download imageUITests";
			productReference = 4D994AA41CF7FAB50088E174 /* download imageUITests.xctest */;
			productType = "com.apple.product-type.bundle.ui-testing";
		};
/* End PBXNativeTarget section */

/* Begin PBXProject section */
		4D994A7D1CF7FAB50088E174 /* Project object */ = {
			isa = PBXProject;
			attributes = {
				LastSwiftUpdateCheck = 0730;
				LastUpgradeCheck = 0730;
				ORGANIZATIONNAME = Mark;
				TargetAttributes = {
					4D994A841CF7FAB50088E174 = {
						CreatedOnToolsVersion = 7.3.1;
						DevelopmentTeam = ZU7PA4P32X;
					};
					4D994A981CF7FAB50088E174 = {
						CreatedOnToolsVersion = 7.3.1;
						DevelopmentTeam = ZU7PA4P32X;
						TestTargetID = 4D994A841CF7FAB50088E174;
					};
					4D994AA31CF7FAB50088E174 = {
						CreatedOnToolsVersion = 7.3.1;
						DevelopmentTeam = ZU7PA4P32X;
						TestTargetID = 4D994A841CF7FAB50088E174;
					};
				};
			};
			buildConfigurationList = 4D994A801CF7FAB50088E174 /* Build configuration list for PBXProject "download image" */;
			compatibilityVersion = "Xcode 3.2";
			developmentRegion = English;
			hasScannedForEncodings = 0;
			knownRegions = (
				en,
				Base,
			);
			mainGroup = 4D994A7C1CF7FAB50088E174;
			productRefGroup = 4D994A861CF7FAB50088E174 /* Products */;
			projectDirPath = "";
			projectRoot = "";
			targets = (
				4D994A841CF7FAB50088E174 /* download image */,
				4D994A981CF7FAB50088E174 /* download imageTests */,
				4D994AA31CF7FAB50088E174 /* download imageUITests */,
			);
		};
/* End PBXProject section */

/* Begin PBXResourcesBuildPhase section */
		4D994A831CF7FAB50088E174 /* Resources */ = {
			isa = PBXResourcesBuildPhase;
			buildActionMask = 2147483647;
			files = (
				4D994A931CF7FAB50088E174 /* LaunchScreen.storyboard in Resources */,
				4D994A901CF7FAB50088E174 /* Assets.xcassets in Resources */,
				4D994A8E1CF7FAB50088E174 /* Main.storyboard in Resources */,
			);
			runOnlyForDeploymentPostprocessing = 0;
		};
		4D994A971CF7FAB50088E174 /* Resources */ = {
			isa = PBXResourcesBuildPhase;
			buildActionMask = 2147483647;
			files = (
			);
			runOnlyForDeploymentPostprocessing = 0;
		};
		4D994AA21CF7FAB50088E174 /* Resources */ = {
			isa = PBXResourcesBuildPhase;
			buildActionMask = 2147483647;
			files = (
			);
			runOnlyForDeploymentPostprocessing = 0;
		};
/* End PBXResourcesBuildPhase section */

/* Begin PBXSourcesBuildPhase section */
		4D994A811CF7FAB50088E174 /* Sources */ = {
			isa = PBXSourcesBuildPhase;
			buildActionMask = 2147483647;
			files = (
				4D994A8B1CF7FAB50088E174 /* ViewController.swift in Sources */,
				4D994A891CF7FAB50088E174 /* AppDelegate.swift in Sources */,
			);
			runOnlyForDeploymentPostprocessing = 0;
		};
		4D994A951CF7FAB50088E174 /* Sources */ = {
			isa = PBXSourcesBuildPhase;
			buildActionMask = 2147483647;
			files = (
				4D994A9E1CF7FAB50088E174 /* download_imageTests.swift in Sources */,
			);
			runOnlyForDeploymentPostprocessing = 0;
		};
		4D994AA01CF7FAB50088E174 /* Sources */ = {
			isa = PBXSourcesBuildPhase;
			buildActionMask = 2147483647;
			files = (
				4D994AA91CF7FAB50088E174 /* download_imageUITests.swift in Sources */,
			);
			runOnlyForDeploymentPostprocessing = 0;
		};
/* End PBXSourcesBuildPhase section */

/* Begin PBXTargetDependency section */
		4D994A9B1CF7FAB50088E174 /* PBXTargetDependency */ = {
			isa = PBXTargetDependency;
			target = 4D994A841CF7FAB50088E174 /* download image */;
			targetProxy = 4D994A9A1CF7FAB50088E174 /* PBXContainerItemProxy */;
		};
		4D994AA61CF7FAB50088E174 /* PBXTargetDependency */ = {
			isa = PBXTargetDependency;
			target = 4D994A841CF7FAB50088E174 /* download image */;
			targetProxy = 4D994AA51CF7FAB50088E174 /* PBXContainerItemProxy */;
		};
/* End PBXTargetDependency section */

/* Begin PBXVariantGroup section */
		4D994A8C1CF7FAB50088E174 /* Main.storyboard */ = {
			isa = PBXVariantGroup;
			children = (
				4D994A8D1CF7FAB50088E174 /* Base */,
			);
			name = Main.storyboard;
			sourceTree = "<group>";
		};
		4D994A911CF7FAB50088E174 /* LaunchScreen.storyboard */ = {
			isa = PBXVariantGroup;
			children = (
				4D994A921CF7FAB50088E174 /* Base */,
			);
			name = LaunchScreen.storyboard;
			sourceTree = "<group>";
		};
/* End PBXVariantGroup section */

/* Begin XCBuildConfiguration section */
		4D994AAB1CF7FAB50088E174 /* Debug */ = {
			isa = XCBuildConfiguration;
			buildSettings = {
				ALWAYS_SEARCH_USER_PATHS = NO;
				CLANG_ANALYZER_NONNULL = YES;
				CLANG_CXX_LANGUAGE_STANDARD = "gnu++0x";
				CLANG_CXX_LIBRARY = "libc++";
				CLANG_ENABLE_MODULES = YES;
				CLANG_ENABLE_OBJC_ARC = YES;
				CLANG_WARN_BOOL_CONVERSION = YES;
				CLANG_WARN_CONSTANT_CONVERSION = YES;
				CLANG_WARN_DIRECT_OBJC_ISA_USAGE = YES_ERROR;
				CLANG_WARN_EMPTY_BODY = YES;
				CLANG_WARN_ENUM_CONVERSION = YES;
				CLANG_WARN_INT_CONVERSION = YES;
				CLANG_WARN_OBJC_ROOT_CLASS = YES_ERROR;
				CLANG_WARN_UNREACHABLE_CODE = YES;
				CLANG_WARN__DUPLICATE_METHOD_MATCH = YES;
				"CODE_SIGN_IDENTITY[sdk=iphoneos*]" = "iPhone Developer";
				COPY_PHASE_STRIP = NO;
				DEBUG_INFORMATION_FORMAT = dwarf;
				ENABLE_STRICT_OBJC_MSGSEND = YES;
				ENABLE_TESTABILITY = YES;
				GCC_C_LANGUAGE_STANDARD = gnu99;
				GCC_DYNAMIC_NO_PIC = NO;
				GCC_NO_COMMON_BLOCKS = YES;
				GCC_OPTIMIZATION_LEVEL = 0;
				GCC_PREPROCESSOR_DEFINITIONS = (
					"DEBUG=1",
					"$(inherited)",
				);
				GCC_WARN_64_TO_32_BIT_CONVERSION = YES;
				GCC_WARN_ABOUT_RETURN_TYPE = YES_ERROR;
				GCC_WARN_UNDECLARED_SELECTOR = YES;
				GCC_WARN_UNINITIALIZED_AUTOS = YES_AGGRESSIVE;
				GCC_WARN_UNUSED_FUNCTION = YES;
				GCC_WARN_UNUSED_VARIABLE = YES;
				IPHONEOS_DEPLOYMENT_TARGET = 9.3;
				MTL_ENABLE_DEBUG_INFO = YES;
				ONLY_ACTIVE_ARCH = YES;
				SDKROOT = iphoneos;
				SWIFT_OPTIMIZATION_LEVEL = "-Onone";
			};
			name = Debug;
		};
		4D994AAC1CF7FAB50088E174 /* Release */ = {
			isa = XCBuildConfiguration;
			buildSettings = {
				ALWAYS_SEARCH_USER_PATHS = NO;
				CLANG_ANALYZER_NONNULL = YES;
				CLANG_CXX_LANGUAGE_STANDARD = "gnu++0x";
				CLANG_CXX_LIBRARY = "libc++";
				CLANG_ENABLE_MODULES = YES;
				CLANG_ENABLE_OBJC_ARC = YES;
				CLANG_WARN_BOOL_CONVERSION = YES;
				CLANG_WARN_CONSTANT_CONVERSION = YES;
				CLANG_WARN_DIRECT_OBJC_ISA_USAGE = YES_ERROR;
				CLANG_WARN_EMPTY_BODY = YES;
				CLANG_WARN_ENUM_CONVERSION = YES;
				CLANG_WARN_INT_CONVERSION = YES;
				CLANG_WARN_OBJC_ROOT_CLASS = YES_ERROR;
				CLANG_WARN_UNREACHABLE_CODE = YES;
				CLANG_WARN__DUPLICATE_METHOD_MATCH = YES;
				"CODE_SIGN_IDENTITY[sdk=iphoneos*]" = "iPhone Developer";
				COPY_PHASE_STRIP = NO;
				DEBUG_INFORMATION_FORMAT = "dwarf-with-dsym";
				ENABLE_NS_ASSERTIONS = NO;
				ENABLE_STRICT_OBJC_MSGSEND = YES;
				GCC_C_LANGUAGE_STANDARD = gnu99;
				GCC_NO_COMMON_BLOCKS = YES;
				GCC_WARN_64_TO_32_BIT_CONVERSION = YES;
				GCC_WARN_ABOUT_RETURN_TYPE = YES_ERROR;
				GCC_WARN_UNDECLARED_SELECTOR = YES;
				GCC_WARN_UNINITIALIZED_AUTOS = YES_AGGRESSIVE;
				GCC_WARN_UNUSED_FUNCTION = YES;
				GCC_WARN_UNUSED_VARIABLE = YES;
				IPHONEOS_DEPLOYMENT_TARGET = 9.3;
				MTL_ENABLE_DEBUG_INFO = NO;
				SDKROOT = iphoneos;
				VALIDATE_PRODUCT = YES;
			};
			name = Release;
		};
		4D994AAE1CF7FAB50088E174 /* Debug */ = {
			isa = XCBuildConfiguration;
			buildSettings = {
				ASSETCATALOG_COMPILER_APPICON_NAME = AppIcon;
				INFOPLIST_FILE = "download image/Info.plist";
				LD_RUNPATH_SEARCH_PATHS = "$(inherited) @executable_path/Frameworks";
				PRODUCT_BUNDLE_IDENTIFIER = "com.mark.download-image";
				PRODUCT_NAME = "$(TARGET_NAME)";
			};
			name = Debug;
		};
		4D994AAF1CF7FAB50088E174 /* Release */ = {
			isa = XCBuildConfiguration;
			buildSettings = {
				ASSETCATALOG_COMPILER_APPICON_NAME = AppIcon;
				INFOPLIST_FILE = "download image/Info.plist";
				LD_RUNPATH_SEARCH_PATHS = "$(inherited) @executable_path/Frameworks";
				PRODUCT_BUNDLE_IDENTIFIER = "com.mark.download-image";
				PRODUCT_NAME = "$(TARGET_NAME)";
			};
			name = Release;
		};
		4D994AB11CF7FAB50088E174 /* Debug */ = {
			isa = XCBuildConfiguration;
			buildSettings = {
				BUNDLE_LOADER = "$(TEST_HOST)";
				INFOPLIST_FILE = "download imageTests/Info.plist";
				LD_RUNPATH_SEARCH_PATHS = "$(inherited) @executable_path/Frameworks @loader_path/Frameworks";
				PRODUCT_BUNDLE_IDENTIFIER = "com.mark.download-imageTests";
				PRODUCT_NAME = "$(TARGET_NAME)";
				TEST_HOST = "$(BUILT_PRODUCTS_DIR)/download image.app/download image";
			};
			name = Debug;
		};
		4D994AB21CF7FAB50088E174 /* Release */ = {
			isa = XCBuildConfiguration;
			buildSettings = {
				BUNDLE_LOADER = "$(TEST_HOST)";
				INFOPLIST_FILE = "download imageTests/Info.plist";
				LD_RUNPATH_SEARCH_PATHS = "$(inherited) @executable_path/Frameworks @loader_path/Frameworks";
				PRODUCT_BUNDLE_IDENTIFIER = "com.mark.download-imageTests";
				PRODUCT_NAME = "$(TARGET_NAME)";
				TEST_HOST = "$(BUILT_PRODUCTS_DIR)/download image.app/download image";
			};
			name = Release;
		};
		4D994AB41CF7FAB50088E174 /* Debug */ = {
			isa = XCBuildConfiguration;
			buildSettings = {
				INFOPLIST_FILE = "download imageUITests/Info.plist";
				LD_RUNPATH_SEARCH_PATHS = "$(inherited) @executable_path/Frameworks @loader_path/Frameworks";
				PRODUCT_BUNDLE_IDENTIFIER = "com.mark.download-imageUITests";
				PRODUCT_NAME = "$(TARGET_NAME)";
				TEST_TARGET_NAME = "download image";
			};
			name = Debug;
		};
		4D994AB51CF7FAB50088E174 /* Release */ = {
			isa = XCBuildConfiguration;
			buildSettings = {
				INFOPLIST_FILE = "download imageUITests/Info.plist";
				LD_RUNPATH_SEARCH_PATHS = "$(inherited) @executable_path/Frameworks @loader_path/Frameworks";
				PRODUCT_BUNDLE_IDENTIFIER = "com.mark.download-imageUITests";
				PRODUCT_NAME = "$(TARGET_NAME)";
				TEST_TARGET_NAME = "download image";
			};
			name = Release;
		};
/* End XCBuildConfiguration section */

/* Begin XCConfigurationList section */
		4D994A801CF7FAB50088E174 /* Build configuration list for PBXProject "download image" */ = {
			isa = XCConfigurationList;
			buildConfigurations = (
				4D994AAB1CF7FAB50088E174 /* Debug */,
				4D994AAC1CF7FAB50088E174 /* Release */,
			);
			defaultConfigurationIsVisible = 0;
			defaultConfigurationName = Release;
		};
		4D994AAD1CF7FAB50088E174 /* Build configuration list for PBXNativeTarget "download image" */ = {
			isa = XCConfigurationList;
			buildConfigurations = (
				4D994AAE1CF7FAB50088E174 /* Debug */,
				4D994AAF1CF7FAB50088E174 /* Release */,
			);
			defaultConfigurationIsVisible = 0;
		};
		4D994AB01CF7FAB50088E174 /* Build configuration list for PBXNativeTarget "download imageTests" */ = {
			isa = XCConfigurationList;
			buildConfigurations = (
				4D994AB11CF7FAB50088E174 /* Debug */,
				4D994AB21CF7FAB50088E174 /* Release */,
			);
			defaultConfigurationIsVisible = 0;
		};
		4D994AB31CF7FAB50088E174 /* Build configuration list for PBXNativeTarget "download imageUITests" */ = {
			isa = XCConfigurationList;
			buildConfigurations = (
				4D994AB41CF7FAB50088E174 /* Debug */,
				4D994AB51CF7FAB50088E174 /* Release */,
			);
			defaultConfigurationIsVisible = 0;
		};
/* End XCConfigurationList section */
	};
	rootObject = 4D994A7D1CF7FAB50088E174 /* Project object */;
}
