// !$*UTF8*$!
{
	archiveVersion = 1;
	classes = {
	};
	objectVersion = 46;
	objects = {

/* Begin PBXBuildFile section */
		4D85657F1CEEE7B4001F2B7B /* AppDelegate.swift in Sources */ = {isa = PBXBuildFile; fileRef = 4D85657E1CEEE7B4001F2B7B /* AppDelegate.swift */; };
		4D8565811CEEE7B4001F2B7B /* ViewController.swift in Sources */ = {isa = PBXBuildFile; fileRef = 4D8565801CEEE7B4001F2B7B /* ViewController.swift */; };
		4D8565841CEEE7B4001F2B7B /* Main.storyboard in Resources */ = {isa = PBXBuildFile; fileRef = 4D8565821CEEE7B4001F2B7B /* Main.storyboard */; };
		4D8565861CEEE7B4001F2B7B /* Assets.xcassets in Resources */ = {isa = PBXBuildFile; fileRef = 4D8565851CEEE7B4001F2B7B /* Assets.xcassets */; };
		4D8565891CEEE7B4001F2B7B /* LaunchScreen.storyboard in Resources */ = {isa = PBXBuildFile; fileRef = 4D8565871CEEE7B4001F2B7B /* LaunchScreen.storyboard */; };
		4D8565941CEEE7B4001F2B7B /* storageTests.swift in Sources */ = {isa = PBXBuildFile; fileRef = 4D8565931CEEE7B4001F2B7B /* storageTests.swift */; };
		4D85659F1CEEE7B4001F2B7B /* storageUITests.swift in Sources */ = {isa = PBXBuildFile; fileRef = 4D85659E1CEEE7B4001F2B7B /* storageUITests.swift */; };
/* End PBXBuildFile section */

/* Begin PBXContainerItemProxy section */
		4D8565901CEEE7B4001F2B7B /* PBXContainerItemProxy */ = {
			isa = PBXContainerItemProxy;
			containerPortal = 4D8565731CEEE7B4001F2B7B /* Project object */;
			proxyType = 1;
			remoteGlobalIDString = 4D85657A1CEEE7B4001F2B7B;
			remoteInfo = storage;
		};
		4D85659B1CEEE7B4001F2B7B /* PBXContainerItemProxy */ = {
			isa = PBXContainerItemProxy;
			containerPortal = 4D8565731CEEE7B4001F2B7B /* Project object */;
			proxyType = 1;
			remoteGlobalIDString = 4D85657A1CEEE7B4001F2B7B;
			remoteInfo = storage;
		};
/* End PBXContainerItemProxy section */

/* Begin PBXFileReference section */
		4D85657B1CEEE7B4001F2B7B /* storage.app */ = {isa = PBXFileReference; explicitFileType = wrapper.application; includeInIndex = 0; path = storage.app; sourceTree = BUILT_PRODUCTS_DIR; };
		4D85657E1CEEE7B4001F2B7B /* AppDelegate.swift */ = {isa = PBXFileReference; lastKnownFileType = sourcecode.swift; path = AppDelegate.swift; sourceTree = "<group>"; };
		4D8565801CEEE7B4001F2B7B /* ViewController.swift */ = {isa = PBXFileReference; lastKnownFileType = sourcecode.swift; path = ViewController.swift; sourceTree = "<group>"; };
		4D8565831CEEE7B4001F2B7B /* Base */ = {isa = PBXFileReference; lastKnownFileType = file.storyboard; name = Base; path = Base.lproj/Main.storyboard; sourceTree = "<group>"; };
		4D8565851CEEE7B4001F2B7B /* Assets.xcassets */ = {isa = PBXFileReference; lastKnownFileType = folder.assetcatalog; path = Assets.xcassets; sourceTree = "<group>"; };
		4D8565881CEEE7B4001F2B7B /* Base */ = {isa = PBXFileReference; lastKnownFileType = file.storyboard; name = Base; path = Base.lproj/LaunchScreen.storyboard; sourceTree = "<group>"; };
		4D85658A1CEEE7B4001F2B7B /* Info.plist */ = {isa = PBXFileReference; lastKnownFileType = text.plist.xml; path = Info.plist; sourceTree = "<group>"; };
		4D85658F1CEEE7B4001F2B7B /* storageTests.xctest */ = {isa = PBXFileReference; explicitFileType = wrapper.cfbundle; includeInIndex = 0; path = storageTests.xctest; sourceTree = BUILT_PRODUCTS_DIR; };
		4D8565931CEEE7B4001F2B7B /* storageTests.swift */ = {isa = PBXFileReference; lastKnownFileType = sourcecode.swift; path = storageTests.swift; sourceTree = "<group>"; };
		4D8565951CEEE7B4001F2B7B /* Info.plist */ = {isa = PBXFileReference; lastKnownFileType = text.plist.xml; path = Info.plist; sourceTree = "<group>"; };
		4D85659A1CEEE7B4001F2B7B /* storageUITests.xctest */ = {isa = PBXFileReference; explicitFileType = wrapper.cfbundle; includeInIndex = 0; path = storageUITests.xctest; sourceTree = BUILT_PRODUCTS_DIR; };
		4D85659E1CEEE7B4001F2B7B /* storageUITests.swift */ = {isa = PBXFileReference; lastKnownFileType = sourcecode.swift; path = storageUITests.swift; sourceTree = "<group>"; };
		4D8565A01CEEE7B4001F2B7B /* Info.plist */ = {isa = PBXFileReference; lastKnownFileType = text.plist.xml; path = Info.plist; sourceTree = "<group>"; };
/* End PBXFileReference section */

/* Begin PBXFrameworksBuildPhase section */
		4D8565781CEEE7B4001F2B7B /* Frameworks */ = {
			isa = PBXFrameworksBuildPhase;
			buildActionMask = 2147483647;
			files = (
			);
			runOnlyForDeploymentPostprocessing = 0;
		};
		4D85658C1CEEE7B4001F2B7B /* Frameworks */ = {
			isa = PBXFrameworksBuildPhase;
			buildActionMask = 2147483647;
			files = (
			);
			runOnlyForDeploymentPostprocessing = 0;
		};
		4D8565971CEEE7B4001F2B7B /* Frameworks */ = {
			isa = PBXFrameworksBuildPhase;
			buildActionMask = 2147483647;
			files = (
			);
			runOnlyForDeploymentPostprocessing = 0;
		};
/* End PBXFrameworksBuildPhase section */

/* Begin PBXGroup section */
		4D8565721CEEE7B4001F2B7B = {
			isa = PBXGroup;
			children = (
				4D85657D1CEEE7B4001F2B7B /* storage */,
				4D8565921CEEE7B4001F2B7B /* storageTests */,
				4D85659D1CEEE7B4001F2B7B /* storageUITests */,
				4D85657C1CEEE7B4001F2B7B /* Products */,
			);
			sourceTree = "<group>";
		};
		4D85657C1CEEE7B4001F2B7B /* Products */ = {
			isa = PBXGroup;
			children = (
				4D85657B1CEEE7B4001F2B7B /* storage.app */,
				4D85658F1CEEE7B4001F2B7B /* storageTests.xctest */,
				4D85659A1CEEE7B4001F2B7B /* storageUITests.xctest */,
			);
			name = Products;
			sourceTree = "<group>";
		};
		4D85657D1CEEE7B4001F2B7B /* storage */ = {
			isa = PBXGroup;
			children = (
				4D85657E1CEEE7B4001F2B7B /* AppDelegate.swift */,
				4D8565801CEEE7B4001F2B7B /* ViewController.swift */,
				4D8565821CEEE7B4001F2B7B /* Main.storyboard */,
				4D8565851CEEE7B4001F2B7B /* Assets.xcassets */,
				4D8565871CEEE7B4001F2B7B /* LaunchScreen.storyboard */,
				4D85658A1CEEE7B4001F2B7B /* Info.plist */,
			);
			path = storage;
			sourceTree = "<group>";
		};
		4D8565921CEEE7B4001F2B7B /* storageTests */ = {
			isa = PBXGroup;
			children = (
				4D8565931CEEE7B4001F2B7B /* storageTests.swift */,
				4D8565951CEEE7B4001F2B7B /* Info.plist */,
			);
			path = storageTests;
			sourceTree = "<group>";
		};
		4D85659D1CEEE7B4001F2B7B /* storageUITests */ = {
			isa = PBXGroup;
			children = (
				4D85659E1CEEE7B4001F2B7B /* storageUITests.swift */,
				4D8565A01CEEE7B4001F2B7B /* Info.plist */,
			);
			path = storageUITests;
			sourceTree = "<group>";
		};
/* End PBXGroup section */

/* Begin PBXNativeTarget section */
		4D85657A1CEEE7B4001F2B7B /* storage */ = {
			isa = PBXNativeTarget;
			buildConfigurationList = 4D8565A31CEEE7B4001F2B7B /* Build configuration list for PBXNativeTarget "storage" */;
			buildPhases = (
				4D8565771CEEE7B4001F2B7B /* Sources */,
				4D8565781CEEE7B4001F2B7B /* Frameworks */,
				4D8565791CEEE7B4001F2B7B /* Resources */,
			);
			buildRules = (
			);
			dependencies = (
			);
			name = storage;
			productName = storage;
			productReference = 4D85657B1CEEE7B4001F2B7B /* storage.app */;
			productType = "com.apple.product-type.application";
		};
		4D85658E1CEEE7B4001F2B7B /* storageTests */ = {
			isa = PBXNativeTarget;
			buildConfigurationList = 4D8565A61CEEE7B4001F2B7B /* Build configuration list for PBXNativeTarget "storageTests" */;
			buildPhases = (
				4D85658B1CEEE7B4001F2B7B /* Sources */,
				4D85658C1CEEE7B4001F2B7B /* Frameworks */,
				4D85658D1CEEE7B4001F2B7B /* Resources */,
			);
			buildRules = (
			);
			dependencies = (
				4D8565911CEEE7B4001F2B7B /* PBXTargetDependency */,
			);
			name = storageTests;
			productName = storageTests;
			productReference = 4D85658F1CEEE7B4001F2B7B /* storageTests.xctest */;
			productType = "com.apple.product-type.bundle.unit-test";
		};
		4D8565991CEEE7B4001F2B7B /* storageUITests */ = {
			isa = PBXNativeTarget;
			buildConfigurationList = 4D8565A91CEEE7B4001F2B7B /* Build configuration list for PBXNativeTarget "storageUITests" */;
			buildPhases = (
				4D8565961CEEE7B4001F2B7B /* Sources */,
				4D8565971CEEE7B4001F2B7B /* Frameworks */,
				4D8565981CEEE7B4001F2B7B /* Resources */,
			);
			buildRules = (
			);
			dependencies = (
				4D85659C1CEEE7B4001F2B7B /* PBXTargetDependency */,
			);
			name = storageUITests;
			productName = storageUITests;
			productReference = 4D85659A1CEEE7B4001F2B7B /* storageUITests.xctest */;
			productType = "com.apple.product-type.bundle.ui-testing";
		};
/* End PBXNativeTarget section */

/* Begin PBXProject section */
		4D8565731CEEE7B4001F2B7B /* Project object */ = {
			isa = PBXProject;
			attributes = {
				LastSwiftUpdateCheck = 0730;
				LastUpgradeCheck = 0730;
				ORGANIZATIONNAME = Mark;
				TargetAttributes = {
					4D85657A1CEEE7B4001F2B7B = {
						CreatedOnToolsVersion = 7.3.1;
						DevelopmentTeam = ZU7PA4P32X;
					};
					4D85658E1CEEE7B4001F2B7B = {
						CreatedOnToolsVersion = 7.3.1;
						DevelopmentTeam = ZU7PA4P32X;
						TestTargetID = 4D85657A1CEEE7B4001F2B7B;
					};
					4D8565991CEEE7B4001F2B7B = {
						CreatedOnToolsVersion = 7.3.1;
						DevelopmentTeam = ZU7PA4P32X;
						TestTargetID = 4D85657A1CEEE7B4001F2B7B;
					};
				};
			};
			buildConfigurationList = 4D8565761CEEE7B4001F2B7B /* Build configuration list for PBXProject "storage" */;
			compatibilityVersion = "Xcode 3.2";
			developmentRegion = English;
			hasScannedForEncodings = 0;
			knownRegions = (
				en,
				Base,
			);
			mainGroup = 4D8565721CEEE7B4001F2B7B;
			productRefGroup = 4D85657C1CEEE7B4001F2B7B /* Products */;
			projectDirPath = "";
			projectRoot = "";
			targets = (
				4D85657A1CEEE7B4001F2B7B /* storage */,
				4D85658E1CEEE7B4001F2B7B /* storageTests */,
				4D8565991CEEE7B4001F2B7B /* storageUITests */,
			);
		};
/* End PBXProject section */

/* Begin PBXResourcesBuildPhase section */
		4D8565791CEEE7B4001F2B7B /* Resources */ = {
			isa = PBXResourcesBuildPhase;
			buildActionMask = 2147483647;
			files = (
				4D8565891CEEE7B4001F2B7B /* LaunchScreen.storyboard in Resources */,
				4D8565861CEEE7B4001F2B7B /* Assets.xcassets in Resources */,
				4D8565841CEEE7B4001F2B7B /* Main.storyboard in Resources */,
			);
			runOnlyForDeploymentPostprocessing = 0;
		};
		4D85658D1CEEE7B4001F2B7B /* Resources */ = {
			isa = PBXResourcesBuildPhase;
			buildActionMask = 2147483647;
			files = (
			);
			runOnlyForDeploymentPostprocessing = 0;
		};
		4D8565981CEEE7B4001F2B7B /* Resources */ = {
			isa = PBXResourcesBuildPhase;
			buildActionMask = 2147483647;
			files = (
			);
			runOnlyForDeploymentPostprocessing = 0;
		};
/* End PBXResourcesBuildPhase section */

/* Begin PBXSourcesBuildPhase section */
		4D8565771CEEE7B4001F2B7B /* Sources */ = {
			isa = PBXSourcesBuildPhase;
			buildActionMask = 2147483647;
			files = (
				4D8565811CEEE7B4001F2B7B /* ViewController.swift in Sources */,
				4D85657F1CEEE7B4001F2B7B /* AppDelegate.swift in Sources */,
			);
			runOnlyForDeploymentPostprocessing = 0;
		};
		4D85658B1CEEE7B4001F2B7B /* Sources */ = {
			isa = PBXSourcesBuildPhase;
			buildActionMask = 2147483647;
			files = (
				4D8565941CEEE7B4001F2B7B /* storageTests.swift in Sources */,
			);
			runOnlyForDeploymentPostprocessing = 0;
		};
		4D8565961CEEE7B4001F2B7B /* Sources */ = {
			isa = PBXSourcesBuildPhase;
			buildActionMask = 2147483647;
			files = (
				4D85659F1CEEE7B4001F2B7B /* storageUITests.swift in Sources */,
			);
			runOnlyForDeploymentPostprocessing = 0;
		};
/* End PBXSourcesBuildPhase section */

/* Begin PBXTargetDependency section */
		4D8565911CEEE7B4001F2B7B /* PBXTargetDependency */ = {
			isa = PBXTargetDependency;
			target = 4D85657A1CEEE7B4001F2B7B /* storage */;
			targetProxy = 4D8565901CEEE7B4001F2B7B /* PBXContainerItemProxy */;
		};
		4D85659C1CEEE7B4001F2B7B /* PBXTargetDependency */ = {
			isa = PBXTargetDependency;
			target = 4D85657A1CEEE7B4001F2B7B /* storage */;
			targetProxy = 4D85659B1CEEE7B4001F2B7B /* PBXContainerItemProxy */;
		};
/* End PBXTargetDependency section */

/* Begin PBXVariantGroup section */
		4D8565821CEEE7B4001F2B7B /* Main.storyboard */ = {
			isa = PBXVariantGroup;
			children = (
				4D8565831CEEE7B4001F2B7B /* Base */,
			);
			name = Main.storyboard;
			sourceTree = "<group>";
		};
		4D8565871CEEE7B4001F2B7B /* LaunchScreen.storyboard */ = {
			isa = PBXVariantGroup;
			children = (
				4D8565881CEEE7B4001F2B7B /* Base */,
			);
			name = LaunchScreen.storyboard;
			sourceTree = "<group>";
		};
/* End PBXVariantGroup section */

/* Begin XCBuildConfiguration section */
		4D8565A11CEEE7B4001F2B7B /* Debug */ = {
			isa = XCBuildConfiguration;
			buildSettings = {
				ALWAYS_SEARCH_USER_PATHS = NO;
				CLANG_ANALYZER_NONNULL = YES;
				CLANG_CXX_LANGUAGE_STANDARD = "gnu++0x";
				CLANG_CXX_LIBRARY = "libc++";
				CLANG_ENABLE_MODULES = YES;
				CLANG_ENABLE_OBJC_ARC = YES;
				CLANG_WARN_BOOL_CONVERSION = YES;
				CLANG_WARN_CONSTANT_CONVERSION = YES;
				CLANG_WARN_DIRECT_OBJC_ISA_USAGE = YES_ERROR;
				CLANG_WARN_EMPTY_BODY = YES;
				CLANG_WARN_ENUM_CONVERSION = YES;
				CLANG_WARN_INT_CONVERSION = YES;
				CLANG_WARN_OBJC_ROOT_CLASS = YES_ERROR;
				CLANG_WARN_UNREACHABLE_CODE = YES;
				CLANG_WARN__DUPLICATE_METHOD_MATCH = YES;
				"CODE_SIGN_IDENTITY[sdk=iphoneos*]" = "iPhone Developer";
				COPY_PHASE_STRIP = NO;
				DEBUG_INFORMATION_FORMAT = dwarf;
				ENABLE_STRICT_OBJC_MSGSEND = YES;
				ENABLE_TESTABILITY = YES;
				GCC_C_LANGUAGE_STANDARD = gnu99;
				GCC_DYNAMIC_NO_PIC = NO;
				GCC_NO_COMMON_BLOCKS = YES;
				GCC_OPTIMIZATION_LEVEL = 0;
				GCC_PREPROCESSOR_DEFINITIONS = (
					"DEBUG=1",
					"$(inherited)",
				);
				GCC_WARN_64_TO_32_BIT_CONVERSION = YES;
				GCC_WARN_ABOUT_RETURN_TYPE = YES_ERROR;
				GCC_WARN_UNDECLARED_SELECTOR = YES;
				GCC_WARN_UNINITIALIZED_AUTOS = YES_AGGRESSIVE;
				GCC_WARN_UNUSED_FUNCTION = YES;
				GCC_WARN_UNUSED_VARIABLE = YES;
				IPHONEOS_DEPLOYMENT_TARGET = 9.3;
				MTL_ENABLE_DEBUG_INFO = YES;
				ONLY_ACTIVE_ARCH = YES;
				SDKROOT = iphoneos;
				SWIFT_OPTIMIZATION_LEVEL = "-Onone";
			};
			name = Debug;
		};
		4D8565A21CEEE7B4001F2B7B /* Release */ = {
			isa = XCBuildConfiguration;
			buildSettings = {
				ALWAYS_SEARCH_USER_PATHS = NO;
				CLANG_ANALYZER_NONNULL = YES;
				CLANG_CXX_LANGUAGE_STANDARD = "gnu++0x";
				CLANG_CXX_LIBRARY = "libc++";
				CLANG_ENABLE_MODULES = YES;
				CLANG_ENABLE_OBJC_ARC = YES;
				CLANG_WARN_BOOL_CONVERSION = YES;
				CLANG_WARN_CONSTANT_CONVERSION = YES;
				CLANG_WARN_DIRECT_OBJC_ISA_USAGE = YES_ERROR;
				CLANG_WARN_EMPTY_BODY = YES;
				CLANG_WARN_ENUM_CONVERSION = YES;
				CLANG_WARN_INT_CONVERSION = YES;
				CLANG_WARN_OBJC_ROOT_CLASS = YES_ERROR;
				CLANG_WARN_UNREACHABLE_CODE = YES;
				CLANG_WARN__DUPLICATE_METHOD_MATCH = YES;
				"CODE_SIGN_IDENTITY[sdk=iphoneos*]" = "iPhone Developer";
				COPY_PHASE_STRIP = NO;
				DEBUG_INFORMATION_FORMAT = "dwarf-with-dsym";
				ENABLE_NS_ASSERTIONS = NO;
				ENABLE_STRICT_OBJC_MSGSEND = YES;
				GCC_C_LANGUAGE_STANDARD = gnu99;
				GCC_NO_COMMON_BLOCKS = YES;
				GCC_WARN_64_TO_32_BIT_CONVERSION = YES;
				GCC_WARN_ABOUT_RETURN_TYPE = YES_ERROR;
				GCC_WARN_UNDECLARED_SELECTOR = YES;
				GCC_WARN_UNINITIALIZED_AUTOS = YES_AGGRESSIVE;
				GCC_WARN_UNUSED_FUNCTION = YES;
				GCC_WARN_UNUSED_VARIABLE = YES;
				IPHONEOS_DEPLOYMENT_TARGET = 9.3;
				MTL_ENABLE_DEBUG_INFO = NO;
				SDKROOT = iphoneos;
				VALIDATE_PRODUCT = YES;
			};
			name = Release;
		};
		4D8565A41CEEE7B4001F2B7B /* Debug */ = {
			isa = XCBuildConfiguration;
			buildSettings = {
				ASSETCATALOG_COMPILER_APPICON_NAME = AppIcon;
				INFOPLIST_FILE = storage/Info.plist;
				LD_RUNPATH_SEARCH_PATHS = "$(inherited) @executable_path/Frameworks";
				PRODUCT_BUNDLE_IDENTIFIER = com.mark.storage;
				PRODUCT_NAME = "$(TARGET_NAME)";
			};
			name = Debug;
		};
		4D8565A51CEEE7B4001F2B7B /* Release */ = {
			isa = XCBuildConfiguration;
			buildSettings = {
				ASSETCATALOG_COMPILER_APPICON_NAME = AppIcon;
				INFOPLIST_FILE = storage/Info.plist;
				LD_RUNPATH_SEARCH_PATHS = "$(inherited) @executable_path/Frameworks";
				PRODUCT_BUNDLE_IDENTIFIER = com.mark.storage;
				PRODUCT_NAME = "$(TARGET_NAME)";
			};
			name = Release;
		};
		4D8565A71CEEE7B4001F2B7B /* Debug */ = {
			isa = XCBuildConfiguration;
			buildSettings = {
				BUNDLE_LOADER = "$(TEST_HOST)";
				INFOPLIST_FILE = storageTests/Info.plist;
				LD_RUNPATH_SEARCH_PATHS = "$(inherited) @executable_path/Frameworks @loader_path/Frameworks";
				PRODUCT_BUNDLE_IDENTIFIER = com.mark.storageTests;
				PRODUCT_NAME = "$(TARGET_NAME)";
				TEST_HOST = "$(BUILT_PRODUCTS_DIR)/storage.app/storage";
			};
			name = Debug;
		};
		4D8565A81CEEE7B4001F2B7B /* Release */ = {
			isa = XCBuildConfiguration;
			buildSettings = {
				BUNDLE_LOADER = "$(TEST_HOST)";
				INFOPLIST_FILE = storageTests/Info.plist;
				LD_RUNPATH_SEARCH_PATHS = "$(inherited) @executable_path/Frameworks @loader_path/Frameworks";
				PRODUCT_BUNDLE_IDENTIFIER = com.mark.storageTests;
				PRODUCT_NAME = "$(TARGET_NAME)";
				TEST_HOST = "$(BUILT_PRODUCTS_DIR)/storage.app/storage";
			};
			name = Release;
		};
		4D8565AA1CEEE7B4001F2B7B /* Debug */ = {
			isa = XCBuildConfiguration;
			buildSettings = {
				INFOPLIST_FILE = storageUITests/Info.plist;
				LD_RUNPATH_SEARCH_PATHS = "$(inherited) @executable_path/Frameworks @loader_path/Frameworks";
				PRODUCT_BUNDLE_IDENTIFIER = com.mark.storageUITests;
				PRODUCT_NAME = "$(TARGET_NAME)";
				TEST_TARGET_NAME = storage;
			};
			name = Debug;
		};
		4D8565AB1CEEE7B4001F2B7B /* Release */ = {
			isa = XCBuildConfiguration;
			buildSettings = {
				INFOPLIST_FILE = storageUITests/Info.plist;
				LD_RUNPATH_SEARCH_PATHS = "$(inherited) @executable_path/Frameworks @loader_path/Frameworks";
				PRODUCT_BUNDLE_IDENTIFIER = com.mark.storageUITests;
				PRODUCT_NAME = "$(TARGET_NAME)";
				TEST_TARGET_NAME = storage;
			};
			name = Release;
		};
/* End XCBuildConfiguration section */

/* Begin XCConfigurationList section */
		4D8565761CEEE7B4001F2B7B /* Build configuration list for PBXProject "storage" */ = {
			isa = XCConfigurationList;
			buildConfigurations = (
				4D8565A11CEEE7B4001F2B7B /* Debug */,
				4D8565A21CEEE7B4001F2B7B /* Release */,
			);
			defaultConfigurationIsVisible = 0;
			defaultConfigurationName = Release;
		};
		4D8565A31CEEE7B4001F2B7B /* Build configuration list for PBXNativeTarget "storage" */ = {
			isa = XCConfigurationList;
			buildConfigurations = (
				4D8565A41CEEE7B4001F2B7B /* Debug */,
				4D8565A51CEEE7B4001F2B7B /* Release */,
			);
			defaultConfigurationIsVisible = 0;
		};
		4D8565A61CEEE7B4001F2B7B /* Build configuration list for PBXNativeTarget "storageTests" */ = {
			isa = XCConfigurationList;
			buildConfigurations = (
				4D8565A71CEEE7B4001F2B7B /* Debug */,
				4D8565A81CEEE7B4001F2B7B /* Release */,
			);
			defaultConfigurationIsVisible = 0;
		};
		4D8565A91CEEE7B4001F2B7B /* Build configuration list for PBXNativeTarget "storageUITests" */ = {
			isa = XCConfigurationList;
			buildConfigurations = (
				4D8565AA1CEEE7B4001F2B7B /* Debug */,
				4D8565AB1CEEE7B4001F2B7B /* Release */,
			);
			defaultConfigurationIsVisible = 0;
		};
/* End XCConfigurationList section */
	};
	rootObject = 4D8565731CEEE7B4001F2B7B /* Project object */;
}
