// !$*UTF8*$!
{
	archiveVersion = 1;
	classes = {
	};
	objectVersion = 46;
	objects = {

/* Begin PBXBuildFile section */
		4D1CE14B1D67FD99003C6BBB /* BlogPostsTableViewController.swift in Sources */ = {isa = PBXBuildFile; fileRef = 4D1CE14A1D67FD99003C6BBB /* BlogPostsTableViewController.swift */; };
		4D1CE14D1D67FDC1003C6BBB /* CoreDataTableViewController.swift in Sources */ = {isa = PBXBuildFile; fileRef = 4D1CE14C1D67FDC1003C6BBB /* CoreDataTableViewController.swift */; };
		4D1CE1501D68025C003C6BBB /* BlogItems+CoreDataProperties.swift in Sources */ = {isa = PBXBuildFile; fileRef = 4D1CE14E1D68025C003C6BBB /* BlogItems+CoreDataProperties.swift */; };
		4D1CE1511D68025C003C6BBB /* BlogItems.swift in Sources */ = {isa = PBXBuildFile; fileRef = 4D1CE14F1D68025C003C6BBB /* BlogItems.swift */; };
		4D1CE1541D68FE6B003C6BBB /* PostPageViewController.swift in Sources */ = {isa = PBXBuildFile; fileRef = 4D1CE1531D68FE6B003C6BBB /* PostPageViewController.swift */; };
		4DFA3C161D67CE3C0033530D /* AppDelegate.swift in Sources */ = {isa = PBXBuildFile; fileRef = 4DFA3C151D67CE3C0033530D /* AppDelegate.swift */; };
		4DFA3C1B1D67CE3C0033530D /* Main.storyboard in Resources */ = {isa = PBXBuildFile; fileRef = 4DFA3C191D67CE3C0033530D /* Main.storyboard */; };
		4DFA3C1E1D67CE3C0033530D /* Blog_Reader.xcdatamodeld in Sources */ = {isa = PBXBuildFile; fileRef = 4DFA3C1C1D67CE3C0033530D /* Blog_Reader.xcdatamodeld */; };
		4DFA3C201D67CE3C0033530D /* Assets.xcassets in Resources */ = {isa = PBXBuildFile; fileRef = 4DFA3C1F1D67CE3C0033530D /* Assets.xcassets */; };
		4DFA3C231D67CE3C0033530D /* LaunchScreen.storyboard in Resources */ = {isa = PBXBuildFile; fileRef = 4DFA3C211D67CE3C0033530D /* LaunchScreen.storyboard */; };
/* End PBXBuildFile section */

/* Begin PBXFileReference section */
		4D1CE14A1D67FD99003C6BBB /* BlogPostsTableViewController.swift */ = {isa = PBXFileReference; fileEncoding = 4; lastKnownFileType = sourcecode.swift; path = BlogPostsTableViewController.swift; sourceTree = "<group>"; };
		4D1CE14C1D67FDC1003C6BBB /* CoreDataTableViewController.swift */ = {isa = PBXFileReference; fileEncoding = 4; lastKnownFileType = sourcecode.swift; path = CoreDataTableViewController.swift; sourceTree = "<group>"; };
		4D1CE14E1D68025C003C6BBB /* BlogItems+CoreDataProperties.swift */ = {isa = PBXFileReference; fileEncoding = 4; lastKnownFileType = sourcecode.swift; path = "BlogItems+CoreDataProperties.swift"; sourceTree = "<group>"; };
		4D1CE14F1D68025C003C6BBB /* BlogItems.swift */ = {isa = PBXFileReference; fileEncoding = 4; lastKnownFileType = sourcecode.swift; path = BlogItems.swift; sourceTree = "<group>"; };
		4D1CE1531D68FE6B003C6BBB /* PostPageViewController.swift */ = {isa = PBXFileReference; fileEncoding = 4; lastKnownFileType = sourcecode.swift; path = PostPageViewController.swift; sourceTree = "<group>"; };
		4DFA3C121D67CE3C0033530D /* Blog Reader.app */ = {isa = PBXFileReference; explicitFileType = wrapper.application; includeInIndex = 0; path = "Blog Reader.app"; sourceTree = BUILT_PRODUCTS_DIR; };
		4DFA3C151D67CE3C0033530D /* AppDelegate.swift */ = {isa = PBXFileReference; lastKnownFileType = sourcecode.swift; path = AppDelegate.swift; sourceTree = "<group>"; };
		4DFA3C1A1D67CE3C0033530D /* Base */ = {isa = PBXFileReference; lastKnownFileType = file.storyboard; name = Base; path = Base.lproj/Main.storyboard; sourceTree = "<group>"; };
		4DFA3C1D1D67CE3C0033530D /* Blog_Reader.xcdatamodel */ = {isa = PBXFileReference; lastKnownFileType = wrapper.xcdatamodel; path = Blog_Reader.xcdatamodel; sourceTree = "<group>"; };
		4DFA3C1F1D67CE3C0033530D /* Assets.xcassets */ = {isa = PBXFileReference; lastKnownFileType = folder.assetcatalog; path = Assets.xcassets; sourceTree = "<group>"; };
		4DFA3C221D67CE3C0033530D /* Base */ = {isa = PBXFileReference; lastKnownFileType = file.storyboard; name = Base; path = Base.lproj/LaunchScreen.storyboard; sourceTree = "<group>"; };
		4DFA3C241D67CE3C0033530D /* Info.plist */ = {isa = PBXFileReference; lastKnownFileType = text.plist.xml; path = Info.plist; sourceTree = "<group>"; };
/* End PBXFileReference section */

/* Begin PBXFrameworksBuildPhase section */
		4DFA3C0F1D67CE3C0033530D /* Frameworks */ = {
			isa = PBXFrameworksBuildPhase;
			buildActionMask = 2147483647;
			files = (
			);
			runOnlyForDeploymentPostprocessing = 0;
		};
/* End PBXFrameworksBuildPhase section */

/* Begin PBXGroup section */
		4D1CE1521D680271003C6BBB /* Core Date Files */ = {
			isa = PBXGroup;
			children = (
				4DFA3C191D67CE3C0033530D /* Main.storyboard */,
				4DFA3C1C1D67CE3C0033530D /* Blog_Reader.xcdatamodeld */,
				4D1CE14C1D67FDC1003C6BBB /* CoreDataTableViewController.swift */,
				4D1CE14E1D68025C003C6BBB /* BlogItems+CoreDataProperties.swift */,
				4D1CE14F1D68025C003C6BBB /* BlogItems.swift */,
			);
			name = "Core Date Files";
			sourceTree = "<group>";
		};
		4DFA3C091D67CE3C0033530D = {
			isa = PBXGroup;
			children = (
				4DFA3C141D67CE3C0033530D /* Blog Reader */,
				4DFA3C131D67CE3C0033530D /* Products */,
			);
			sourceTree = "<group>";
		};
		4DFA3C131D67CE3C0033530D /* Products */ = {
			isa = PBXGroup;
			children = (
				4DFA3C121D67CE3C0033530D /* Blog Reader.app */,
			);
			name = Products;
			sourceTree = "<group>";
		};
		4DFA3C141D67CE3C0033530D /* Blog Reader */ = {
			isa = PBXGroup;
			children = (
				4DFA3C2A1D67CE500033530D /* Supporting Files */,
				4D1CE1521D680271003C6BBB /* Core Date Files */,
				4D1CE14A1D67FD99003C6BBB /* BlogPostsTableViewController.swift */,
				4D1CE1531D68FE6B003C6BBB /* PostPageViewController.swift */,
			);
			path = "Blog Reader";
			sourceTree = "<group>";
		};
		4DFA3C2A1D67CE500033530D /* Supporting Files */ = {
			isa = PBXGroup;
			children = (
				4DFA3C151D67CE3C0033530D /* AppDelegate.swift */,
				4DFA3C1F1D67CE3C0033530D /* Assets.xcassets */,
				4DFA3C211D67CE3C0033530D /* LaunchScreen.storyboard */,
				4DFA3C241D67CE3C0033530D /* Info.plist */,
			);
			name = "Supporting Files";
			sourceTree = "<group>";
		};
/* End PBXGroup section */

/* Begin PBXNativeTarget section */
		4DFA3C111D67CE3C0033530D /* Blog Reader */ = {
			isa = PBXNativeTarget;
			buildConfigurationList = 4DFA3C271D67CE3C0033530D /* Build configuration list for PBXNativeTarget "Blog Reader" */;
			buildPhases = (
				4DFA3C0E1D67CE3C0033530D /* Sources */,
				4DFA3C0F1D67CE3C0033530D /* Frameworks */,
				4DFA3C101D67CE3C0033530D /* Resources */,
			);
			buildRules = (
			);
			dependencies = (
			);
			name = "Blog Reader";
			productName = "Blog Reader";
			productReference = 4DFA3C121D67CE3C0033530D /* Blog Reader.app */;
			productType = "com.apple.product-type.application";
		};
/* End PBXNativeTarget section */

/* Begin PBXProject section */
		4DFA3C0A1D67CE3C0033530D /* Project object */ = {
			isa = PBXProject;
			attributes = {
				LastSwiftUpdateCheck = 0730;
				LastUpgradeCheck = 0730;
				TargetAttributes = {
					4DFA3C111D67CE3C0033530D = {
						CreatedOnToolsVersion = 7.3.1;
						DevelopmentTeam = ZU7PA4P32X;
					};
				};
			};
			buildConfigurationList = 4DFA3C0D1D67CE3C0033530D /* Build configuration list for PBXProject "Blog Reader" */;
			compatibilityVersion = "Xcode 3.2";
			developmentRegion = English;
			hasScannedForEncodings = 0;
			knownRegions = (
				en,
				Base,
			);
			mainGroup = 4DFA3C091D67CE3C0033530D;
			productRefGroup = 4DFA3C131D67CE3C0033530D /* Products */;
			projectDirPath = "";
			projectRoot = "";
			targets = (
				4DFA3C111D67CE3C0033530D /* Blog Reader */,
			);
		};
/* End PBXProject section */

/* Begin PBXResourcesBuildPhase section */
		4DFA3C101D67CE3C0033530D /* Resources */ = {
			isa = PBXResourcesBuildPhase;
			buildActionMask = 2147483647;
			files = (
				4DFA3C231D67CE3C0033530D /* LaunchScreen.storyboard in Resources */,
				4DFA3C201D67CE3C0033530D /* Assets.xcassets in Resources */,
				4DFA3C1B1D67CE3C0033530D /* Main.storyboard in Resources */,
			);
			runOnlyForDeploymentPostprocessing = 0;
		};
/* End PBXResourcesBuildPhase section */

/* Begin PBXSourcesBuildPhase section */
		4DFA3C0E1D67CE3C0033530D /* Sources */ = {
			isa = PBXSourcesBuildPhase;
			buildActionMask = 2147483647;
			files = (
				4DFA3C1E1D67CE3C0033530D /* Blog_Reader.xcdatamodeld in Sources */,
				4D1CE1501D68025C003C6BBB /* BlogItems+CoreDataProperties.swift in Sources */,
				4D1CE14B1D67FD99003C6BBB /* BlogPostsTableViewController.swift in Sources */,
				4D1CE14D1D67FDC1003C6BBB /* CoreDataTableViewController.swift in Sources */,
				4D1CE1511D68025C003C6BBB /* BlogItems.swift in Sources */,
				4DFA3C161D67CE3C0033530D /* AppDelegate.swift in Sources */,
				4D1CE1541D68FE6B003C6BBB /* PostPageViewController.swift in Sources */,
			);
			runOnlyForDeploymentPostprocessing = 0;
		};
/* End PBXSourcesBuildPhase section */

/* Begin PBXVariantGroup section */
		4DFA3C191D67CE3C0033530D /* Main.storyboard */ = {
			isa = PBXVariantGroup;
			children = (
				4DFA3C1A1D67CE3C0033530D /* Base */,
			);
			name = Main.storyboard;
			sourceTree = "<group>";
		};
		4DFA3C211D67CE3C0033530D /* LaunchScreen.storyboard */ = {
			isa = PBXVariantGroup;
			children = (
				4DFA3C221D67CE3C0033530D /* Base */,
			);
			name = LaunchScreen.storyboard;
			sourceTree = "<group>";
		};
/* End PBXVariantGroup section */

/* Begin XCBuildConfiguration section */
		4DFA3C251D67CE3C0033530D /* Debug */ = {
			isa = XCBuildConfiguration;
			buildSettings = {
				ALWAYS_SEARCH_USER_PATHS = NO;
				CLANG_ANALYZER_NONNULL = YES;
				CLANG_CXX_LANGUAGE_STANDARD = "gnu++0x";
				CLANG_CXX_LIBRARY = "libc++";
				CLANG_ENABLE_MODULES = YES;
				CLANG_ENABLE_OBJC_ARC = YES;
				CLANG_WARN_BOOL_CONVERSION = YES;
				CLANG_WARN_CONSTANT_CONVERSION = YES;
				CLANG_WARN_DIRECT_OBJC_ISA_USAGE = YES_ERROR;
				CLANG_WARN_EMPTY_BODY = YES;
				CLANG_WARN_ENUM_CONVERSION = YES;
				CLANG_WARN_INT_CONVERSION = YES;
				CLANG_WARN_OBJC_ROOT_CLASS = YES_ERROR;
				CLANG_WARN_UNREACHABLE_CODE = YES;
				CLANG_WARN__DUPLICATE_METHOD_MATCH = YES;
				"CODE_SIGN_IDENTITY[sdk=iphoneos*]" = "iPhone Developer";
				COPY_PHASE_STRIP = NO;
				DEBUG_INFORMATION_FORMAT = dwarf;
				ENABLE_STRICT_OBJC_MSGSEND = YES;
				ENABLE_TESTABILITY = YES;
				GCC_C_LANGUAGE_STANDARD = gnu99;
				GCC_DYNAMIC_NO_PIC = NO;
				GCC_NO_COMMON_BLOCKS = YES;
				GCC_OPTIMIZATION_LEVEL = 0;
				GCC_PREPROCESSOR_DEFINITIONS = (
					"DEBUG=1",
					"$(inherited)",
				);
				GCC_WARN_64_TO_32_BIT_CONVERSION = YES;
				GCC_WARN_ABOUT_RETURN_TYPE = YES_ERROR;
				GCC_WARN_UNDECLARED_SELECTOR = YES;
				GCC_WARN_UNINITIALIZED_AUTOS = YES_AGGRESSIVE;
				GCC_WARN_UNUSED_FUNCTION = YES;
				GCC_WARN_UNUSED_VARIABLE = YES;
				IPHONEOS_DEPLOYMENT_TARGET = 9.3;
				MTL_ENABLE_DEBUG_INFO = YES;
				ONLY_ACTIVE_ARCH = YES;
				SDKROOT = iphoneos;
				SWIFT_OPTIMIZATION_LEVEL = "-Onone";
				TARGETED_DEVICE_FAMILY = "1,2";
			};
			name = Debug;
		};
		4DFA3C261D67CE3C0033530D /* Release */ = {
			isa = XCBuildConfiguration;
			buildSettings = {
				ALWAYS_SEARCH_USER_PATHS = NO;
				CLANG_ANALYZER_NONNULL = YES;
				CLANG_CXX_LANGUAGE_STANDARD = "gnu++0x";
				CLANG_CXX_LIBRARY = "libc++";
				CLANG_ENABLE_MODULES = YES;
				CLANG_ENABLE_OBJC_ARC = YES;
				CLANG_WARN_BOOL_CONVERSION = YES;
				CLANG_WARN_CONSTANT_CONVERSION = YES;
				CLANG_WARN_DIRECT_OBJC_ISA_USAGE = YES_ERROR;
				CLANG_WARN_EMPTY_BODY = YES;
				CLANG_WARN_ENUM_CONVERSION = YES;
				CLANG_WARN_INT_CONVERSION = YES;
				CLANG_WARN_OBJC_ROOT_CLASS = YES_ERROR;
				CLANG_WARN_UNREACHABLE_CODE = YES;
				CLANG_WARN__DUPLICATE_METHOD_MATCH = YES;
				"CODE_SIGN_IDENTITY[sdk=iphoneos*]" = "iPhone Developer";
				COPY_PHASE_STRIP = NO;
				DEBUG_INFORMATION_FORMAT = "dwarf-with-dsym";
				ENABLE_NS_ASSERTIONS = NO;
				ENABLE_STRICT_OBJC_MSGSEND = YES;
				GCC_C_LANGUAGE_STANDARD = gnu99;
				GCC_NO_COMMON_BLOCKS = YES;
				GCC_WARN_64_TO_32_BIT_CONVERSION = YES;
				GCC_WARN_ABOUT_RETURN_TYPE = YES_ERROR;
				GCC_WARN_UNDECLARED_SELECTOR = YES;
				GCC_WARN_UNINITIALIZED_AUTOS = YES_AGGRESSIVE;
				GCC_WARN_UNUSED_FUNCTION = YES;
				GCC_WARN_UNUSED_VARIABLE = YES;
				IPHONEOS_DEPLOYMENT_TARGET = 9.3;
				MTL_ENABLE_DEBUG_INFO = NO;
				SDKROOT = iphoneos;
				TARGETED_DEVICE_FAMILY = "1,2";
				VALIDATE_PRODUCT = YES;
			};
			name = Release;
		};
		4DFA3C281D67CE3C0033530D /* Debug */ = {
			isa = XCBuildConfiguration;
			buildSettings = {
				ASSETCATALOG_COMPILER_APPICON_NAME = AppIcon;
				INFOPLIST_FILE = "Blog Reader/Info.plist";
				LD_RUNPATH_SEARCH_PATHS = "$(inherited) @executable_path/Frameworks";
				PRODUCT_BUNDLE_IDENTIFIER = "com.mark.Blog-Reader";
				PRODUCT_NAME = "$(TARGET_NAME)";
			};
			name = Debug;
		};
		4DFA3C291D67CE3C0033530D /* Release */ = {
			isa = XCBuildConfiguration;
			buildSettings = {
				ASSETCATALOG_COMPILER_APPICON_NAME = AppIcon;
				INFOPLIST_FILE = "Blog Reader/Info.plist";
				LD_RUNPATH_SEARCH_PATHS = "$(inherited) @executable_path/Frameworks";
				PRODUCT_BUNDLE_IDENTIFIER = "com.mark.Blog-Reader";
				PRODUCT_NAME = "$(TARGET_NAME)";
			};
			name = Release;
		};
/* End XCBuildConfiguration section */

/* Begin XCConfigurationList section */
		4DFA3C0D1D67CE3C0033530D /* Build configuration list for PBXProject "Blog Reader" */ = {
			isa = XCConfigurationList;
			buildConfigurations = (
				4DFA3C251D67CE3C0033530D /* Debug */,
				4DFA3C261D67CE3C0033530D /* Release */,
			);
			defaultConfigurationIsVisible = 0;
			defaultConfigurationName = Release;
		};
		4DFA3C271D67CE3C0033530D /* Build configuration list for PBXNativeTarget "Blog Reader" */ = {
			isa = XCConfigurationList;
			buildConfigurations = (
				4DFA3C281D67CE3C0033530D /* Debug */,
				4DFA3C291D67CE3C0033530D /* Release */,
			);
			defaultConfigurationIsVisible = 0;
			defaultConfigurationName = Release;
		};
/* End XCConfigurationList section */

/* Begin XCVersionGroup section */
		4DFA3C1C1D67CE3C0033530D /* Blog_Reader.xcdatamodeld */ = {
			isa = XCVersionGroup;
			children = (
				4DFA3C1D1D67CE3C0033530D /* Blog_Reader.xcdatamodel */,
			);
			currentVersion = 4DFA3C1D1D67CE3C0033530D /* Blog_Reader.xcdatamodel */;
			path = Blog_Reader.xcdatamodeld;
			sourceTree = "<group>";
			versionGroupType = wrapper.xcdatamodel;
		};
/* End XCVersionGroup section */
	};
	rootObject = 4DFA3C0A1D67CE3C0033530D /* Project object */;
}
