// !$*UTF8*$!
{
	archiveVersion = 1;
	classes = {
	};
	objectVersion = 46;
	objects = {

/* Begin PBXBuildFile section */
		4D760C131CF3D8600044962D /* AppDelegate.swift in Sources */ = {isa = PBXBuildFile; fileRef = 4D760C121CF3D8600044962D /* AppDelegate.swift */; };
		4D760C151CF3D8600044962D /* ViewController.swift in Sources */ = {isa = PBXBuildFile; fileRef = 4D760C141CF3D8600044962D /* ViewController.swift */; };
		4D760C181CF3D8600044962D /* Main.storyboard in Resources */ = {isa = PBXBuildFile; fileRef = 4D760C161CF3D8600044962D /* Main.storyboard */; };
		4D760C1A1CF3D8600044962D /* Assets.xcassets in Resources */ = {isa = PBXBuildFile; fileRef = 4D760C191CF3D8600044962D /* Assets.xcassets */; };
		4D760C1D1CF3D8600044962D /* LaunchScreen.storyboard in Resources */ = {isa = PBXBuildFile; fileRef = 4D760C1B1CF3D8600044962D /* LaunchScreen.storyboard */; };
		4D760C281CF3D8600044962D /* mapTestTests.swift in Sources */ = {isa = PBXBuildFile; fileRef = 4D760C271CF3D8600044962D /* mapTestTests.swift */; };
		4D760C331CF3D8600044962D /* mapTestUITests.swift in Sources */ = {isa = PBXBuildFile; fileRef = 4D760C321CF3D8600044962D /* mapTestUITests.swift */; };
		4D760C411CF3EEE50044962D /* CoreLocation.framework in Frameworks */ = {isa = PBXBuildFile; fileRef = 4D760C401CF3EEE50044962D /* CoreLocation.framework */; };
/* End PBXBuildFile section */

/* Begin PBXContainerItemProxy section */
		4D760C241CF3D8600044962D /* PBXContainerItemProxy */ = {
			isa = PBXContainerItemProxy;
			containerPortal = 4D760C071CF3D8600044962D /* Project object */;
			proxyType = 1;
			remoteGlobalIDString = 4D760C0E1CF3D8600044962D;
			remoteInfo = mapTest;
		};
		4D760C2F1CF3D8600044962D /* PBXContainerItemProxy */ = {
			isa = PBXContainerItemProxy;
			containerPortal = 4D760C071CF3D8600044962D /* Project object */;
			proxyType = 1;
			remoteGlobalIDString = 4D760C0E1CF3D8600044962D;
			remoteInfo = mapTest;
		};
/* End PBXContainerItemProxy section */

/* Begin PBXFileReference section */
		4D760C0F1CF3D8600044962D /* mapTest.app */ = {isa = PBXFileReference; explicitFileType = wrapper.application; includeInIndex = 0; path = mapTest.app; sourceTree = BUILT_PRODUCTS_DIR; };
		4D760C121CF3D8600044962D /* AppDelegate.swift */ = {isa = PBXFileReference; lastKnownFileType = sourcecode.swift; path = AppDelegate.swift; sourceTree = "<group>"; };
		4D760C141CF3D8600044962D /* ViewController.swift */ = {isa = PBXFileReference; lastKnownFileType = sourcecode.swift; path = ViewController.swift; sourceTree = "<group>"; };
		4D760C171CF3D8600044962D /* Base */ = {isa = PBXFileReference; lastKnownFileType = file.storyboard; name = Base; path = Base.lproj/Main.storyboard; sourceTree = "<group>"; };
		4D760C191CF3D8600044962D /* Assets.xcassets */ = {isa = PBXFileReference; lastKnownFileType = folder.assetcatalog; path = Assets.xcassets; sourceTree = "<group>"; };
		4D760C1C1CF3D8600044962D /* Base */ = {isa = PBXFileReference; lastKnownFileType = file.storyboard; name = Base; path = Base.lproj/LaunchScreen.storyboard; sourceTree = "<group>"; };
		4D760C1E1CF3D8600044962D /* Info.plist */ = {isa = PBXFileReference; lastKnownFileType = text.plist.xml; path = Info.plist; sourceTree = "<group>"; };
		4D760C231CF3D8600044962D /* mapTestTests.xctest */ = {isa = PBXFileReference; explicitFileType = wrapper.cfbundle; includeInIndex = 0; path = mapTestTests.xctest; sourceTree = BUILT_PRODUCTS_DIR; };
		4D760C271CF3D8600044962D /* mapTestTests.swift */ = {isa = PBXFileReference; lastKnownFileType = sourcecode.swift; path = mapTestTests.swift; sourceTree = "<group>"; };
		4D760C291CF3D8600044962D /* Info.plist */ = {isa = PBXFileReference; lastKnownFileType = text.plist.xml; path = Info.plist; sourceTree = "<group>"; };
		4D760C2E1CF3D8600044962D /* mapTestUITests.xctest */ = {isa = PBXFileReference; explicitFileType = wrapper.cfbundle; includeInIndex = 0; path = mapTestUITests.xctest; sourceTree = BUILT_PRODUCTS_DIR; };
		4D760C321CF3D8600044962D /* mapTestUITests.swift */ = {isa = PBXFileReference; lastKnownFileType = sourcecode.swift; path = mapTestUITests.swift; sourceTree = "<group>"; };
		4D760C341CF3D8600044962D /* Info.plist */ = {isa = PBXFileReference; lastKnownFileType = text.plist.xml; path = Info.plist; sourceTree = "<group>"; };
		4D760C401CF3EEE50044962D /* CoreLocation.framework */ = {isa = PBXFileReference; lastKnownFileType = wrapper.framework; name = CoreLocation.framework; path = System/Library/Frameworks/CoreLocation.framework; sourceTree = SDKROOT; };
/* End PBXFileReference section */

/* Begin PBXFrameworksBuildPhase section */
		4D760C0C1CF3D8600044962D /* Frameworks */ = {
			isa = PBXFrameworksBuildPhase;
			buildActionMask = 2147483647;
			files = (
				4D760C411CF3EEE50044962D /* CoreLocation.framework in Frameworks */,
			);
			runOnlyForDeploymentPostprocessing = 0;
		};
		4D760C201CF3D8600044962D /* Frameworks */ = {
			isa = PBXFrameworksBuildPhase;
			buildActionMask = 2147483647;
			files = (
			);
			runOnlyForDeploymentPostprocessing = 0;
		};
		4D760C2B1CF3D8600044962D /* Frameworks */ = {
			isa = PBXFrameworksBuildPhase;
			buildActionMask = 2147483647;
			files = (
			);
			runOnlyForDeploymentPostprocessing = 0;
		};
/* End PBXFrameworksBuildPhase section */

/* Begin PBXGroup section */
		4D760C061CF3D8600044962D = {
			isa = PBXGroup;
			children = (
				4D760C401CF3EEE50044962D /* CoreLocation.framework */,
				4D760C111CF3D8600044962D /* mapTest */,
				4D760C261CF3D8600044962D /* mapTestTests */,
				4D760C311CF3D8600044962D /* mapTestUITests */,
				4D760C101CF3D8600044962D /* Products */,
			);
			sourceTree = "<group>";
		};
		4D760C101CF3D8600044962D /* Products */ = {
			isa = PBXGroup;
			children = (
				4D760C0F1CF3D8600044962D /* mapTest.app */,
				4D760C231CF3D8600044962D /* mapTestTests.xctest */,
				4D760C2E1CF3D8600044962D /* mapTestUITests.xctest */,
			);
			name = Products;
			sourceTree = "<group>";
		};
		4D760C111CF3D8600044962D /* mapTest */ = {
			isa = PBXGroup;
			children = (
				4D760C121CF3D8600044962D /* AppDelegate.swift */,
				4D760C141CF3D8600044962D /* ViewController.swift */,
				4D760C161CF3D8600044962D /* Main.storyboard */,
				4D760C191CF3D8600044962D /* Assets.xcassets */,
				4D760C1B1CF3D8600044962D /* LaunchScreen.storyboard */,
				4D760C1E1CF3D8600044962D /* Info.plist */,
			);
			path = mapTest;
			sourceTree = "<group>";
		};
		4D760C261CF3D8600044962D /* mapTestTests */ = {
			isa = PBXGroup;
			children = (
				4D760C271CF3D8600044962D /* mapTestTests.swift */,
				4D760C291CF3D8600044962D /* Info.plist */,
			);
			path = mapTestTests;
			sourceTree = "<group>";
		};
		4D760C311CF3D8600044962D /* mapTestUITests */ = {
			isa = PBXGroup;
			children = (
				4D760C321CF3D8600044962D /* mapTestUITests.swift */,
				4D760C341CF3D8600044962D /* Info.plist */,
			);
			path = mapTestUITests;
			sourceTree = "<group>";
		};
/* End PBXGroup section */

/* Begin PBXNativeTarget section */
		4D760C0E1CF3D8600044962D /* mapTest */ = {
			isa = PBXNativeTarget;
			buildConfigurationList = 4D760C371CF3D8600044962D /* Build configuration list for PBXNativeTarget "mapTest" */;
			buildPhases = (
				4D760C0B1CF3D8600044962D /* Sources */,
				4D760C0C1CF3D8600044962D /* Frameworks */,
				4D760C0D1CF3D8600044962D /* Resources */,
			);
			buildRules = (
			);
			dependencies = (
			);
			name = mapTest;
			productName = mapTest;
			productReference = 4D760C0F1CF3D8600044962D /* mapTest.app */;
			productType = "com.apple.product-type.application";
		};
		4D760C221CF3D8600044962D /* mapTestTests */ = {
			isa = PBXNativeTarget;
			buildConfigurationList = 4D760C3A1CF3D8600044962D /* Build configuration list for PBXNativeTarget "mapTestTests" */;
			buildPhases = (
				4D760C1F1CF3D8600044962D /* Sources */,
				4D760C201CF3D8600044962D /* Frameworks */,
				4D760C211CF3D8600044962D /* Resources */,
			);
			buildRules = (
			);
			dependencies = (
				4D760C251CF3D8600044962D /* PBXTargetDependency */,
			);
			name = mapTestTests;
			productName = mapTestTests;
			productReference = 4D760C231CF3D8600044962D /* mapTestTests.xctest */;
			productType = "com.apple.product-type.bundle.unit-test";
		};
		4D760C2D1CF3D8600044962D /* mapTestUITests */ = {
			isa = PBXNativeTarget;
			buildConfigurationList = 4D760C3D1CF3D8600044962D /* Build configuration list for PBXNativeTarget "mapTestUITests" */;
			buildPhases = (
				4D760C2A1CF3D8600044962D /* Sources */,
				4D760C2B1CF3D8600044962D /* Frameworks */,
				4D760C2C1CF3D8600044962D /* Resources */,
			);
			buildRules = (
			);
			dependencies = (
				4D760C301CF3D8600044962D /* PBXTargetDependency */,
			);
			name = mapTestUITests;
			productName = mapTestUITests;
			productReference = 4D760C2E1CF3D8600044962D /* mapTestUITests.xctest */;
			productType = "com.apple.product-type.bundle.ui-testing";
		};
/* End PBXNativeTarget section */

/* Begin PBXProject section */
		4D760C071CF3D8600044962D /* Project object */ = {
			isa = PBXProject;
			attributes = {
				LastSwiftUpdateCheck = 0730;
				LastUpgradeCheck = 0730;
				ORGANIZATIONNAME = Mark;
				TargetAttributes = {
					4D760C0E1CF3D8600044962D = {
						CreatedOnToolsVersion = 7.3.1;
						DevelopmentTeam = ZU7PA4P32X;
					};
					4D760C221CF3D8600044962D = {
						CreatedOnToolsVersion = 7.3.1;
						DevelopmentTeam = ZU7PA4P32X;
						TestTargetID = 4D760C0E1CF3D8600044962D;
					};
					4D760C2D1CF3D8600044962D = {
						CreatedOnToolsVersion = 7.3.1;
						DevelopmentTeam = ZU7PA4P32X;
						TestTargetID = 4D760C0E1CF3D8600044962D;
					};
				};
			};
			buildConfigurationList = 4D760C0A1CF3D8600044962D /* Build configuration list for PBXProject "mapTest" */;
			compatibilityVersion = "Xcode 3.2";
			developmentRegion = English;
			hasScannedForEncodings = 0;
			knownRegions = (
				en,
				Base,
			);
			mainGroup = 4D760C061CF3D8600044962D;
			productRefGroup = 4D760C101CF3D8600044962D /* Products */;
			projectDirPath = "";
			projectRoot = "";
			targets = (
				4D760C0E1CF3D8600044962D /* mapTest */,
				4D760C221CF3D8600044962D /* mapTestTests */,
				4D760C2D1CF3D8600044962D /* mapTestUITests */,
			);
		};
/* End PBXProject section */

/* Begin PBXResourcesBuildPhase section */
		4D760C0D1CF3D8600044962D /* Resources */ = {
			isa = PBXResourcesBuildPhase;
			buildActionMask = 2147483647;
			files = (
				4D760C1D1CF3D8600044962D /* LaunchScreen.storyboard in Resources */,
				4D760C1A1CF3D8600044962D /* Assets.xcassets in Resources */,
				4D760C181CF3D8600044962D /* Main.storyboard in Resources */,
			);
			runOnlyForDeploymentPostprocessing = 0;
		};
		4D760C211CF3D8600044962D /* Resources */ = {
			isa = PBXResourcesBuildPhase;
			buildActionMask = 2147483647;
			files = (
			);
			runOnlyForDeploymentPostprocessing = 0;
		};
		4D760C2C1CF3D8600044962D /* Resources */ = {
			isa = PBXResourcesBuildPhase;
			buildActionMask = 2147483647;
			files = (
			);
			runOnlyForDeploymentPostprocessing = 0;
		};
/* End PBXResourcesBuildPhase section */

/* Begin PBXSourcesBuildPhase section */
		4D760C0B1CF3D8600044962D /* Sources */ = {
			isa = PBXSourcesBuildPhase;
			buildActionMask = 2147483647;
			files = (
				4D760C151CF3D8600044962D /* ViewController.swift in Sources */,
				4D760C131CF3D8600044962D /* AppDelegate.swift in Sources */,
			);
			runOnlyForDeploymentPostprocessing = 0;
		};
		4D760C1F1CF3D8600044962D /* Sources */ = {
			isa = PBXSourcesBuildPhase;
			buildActionMask = 2147483647;
			files = (
				4D760C281CF3D8600044962D /* mapTestTests.swift in Sources */,
			);
			runOnlyForDeploymentPostprocessing = 0;
		};
		4D760C2A1CF3D8600044962D /* Sources */ = {
			isa = PBXSourcesBuildPhase;
			buildActionMask = 2147483647;
			files = (
				4D760C331CF3D8600044962D /* mapTestUITests.swift in Sources */,
			);
			runOnlyForDeploymentPostprocessing = 0;
		};
/* End PBXSourcesBuildPhase section */

/* Begin PBXTargetDependency section */
		4D760C251CF3D8600044962D /* PBXTargetDependency */ = {
			isa = PBXTargetDependency;
			target = 4D760C0E1CF3D8600044962D /* mapTest */;
			targetProxy = 4D760C241CF3D8600044962D /* PBXContainerItemProxy */;
		};
		4D760C301CF3D8600044962D /* PBXTargetDependency */ = {
			isa = PBXTargetDependency;
			target = 4D760C0E1CF3D8600044962D /* mapTest */;
			targetProxy = 4D760C2F1CF3D8600044962D /* PBXContainerItemProxy */;
		};
/* End PBXTargetDependency section */

/* Begin PBXVariantGroup section */
		4D760C161CF3D8600044962D /* Main.storyboard */ = {
			isa = PBXVariantGroup;
			children = (
				4D760C171CF3D8600044962D /* Base */,
			);
			name = Main.storyboard;
			sourceTree = "<group>";
		};
		4D760C1B1CF3D8600044962D /* LaunchScreen.storyboard */ = {
			isa = PBXVariantGroup;
			children = (
				4D760C1C1CF3D8600044962D /* Base */,
			);
			name = LaunchScreen.storyboard;
			sourceTree = "<group>";
		};
/* End PBXVariantGroup section */

/* Begin XCBuildConfiguration section */
		4D760C351CF3D8600044962D /* Debug */ = {
			isa = XCBuildConfiguration;
			buildSettings = {
				ALWAYS_SEARCH_USER_PATHS = NO;
				CLANG_ANALYZER_NONNULL = YES;
				CLANG_CXX_LANGUAGE_STANDARD = "gnu++0x";
				CLANG_CXX_LIBRARY = "libc++";
				CLANG_ENABLE_MODULES = YES;
				CLANG_ENABLE_OBJC_ARC = YES;
				CLANG_WARN_BOOL_CONVERSION = YES;
				CLANG_WARN_CONSTANT_CONVERSION = YES;
				CLANG_WARN_DIRECT_OBJC_ISA_USAGE = YES_ERROR;
				CLANG_WARN_EMPTY_BODY = YES;
				CLANG_WARN_ENUM_CONVERSION = YES;
				CLANG_WARN_INT_CONVERSION = YES;
				CLANG_WARN_OBJC_ROOT_CLASS = YES_ERROR;
				CLANG_WARN_UNREACHABLE_CODE = YES;
				CLANG_WARN__DUPLICATE_METHOD_MATCH = YES;
				"CODE_SIGN_IDENTITY[sdk=iphoneos*]" = "iPhone Developer";
				COPY_PHASE_STRIP = NO;
				DEBUG_INFORMATION_FORMAT = dwarf;
				ENABLE_STRICT_OBJC_MSGSEND = YES;
				ENABLE_TESTABILITY = YES;
				GCC_C_LANGUAGE_STANDARD = gnu99;
				GCC_DYNAMIC_NO_PIC = NO;
				GCC_NO_COMMON_BLOCKS = YES;
				GCC_OPTIMIZATION_LEVEL = 0;
				GCC_PREPROCESSOR_DEFINITIONS = (
					"DEBUG=1",
					"$(inherited)",
				);
				GCC_WARN_64_TO_32_BIT_CONVERSION = YES;
				GCC_WARN_ABOUT_RETURN_TYPE = YES_ERROR;
				GCC_WARN_UNDECLARED_SELECTOR = YES;
				GCC_WARN_UNINITIALIZED_AUTOS = YES_AGGRESSIVE;
				GCC_WARN_UNUSED_FUNCTION = YES;
				GCC_WARN_UNUSED_VARIABLE = YES;
				IPHONEOS_DEPLOYMENT_TARGET = 9.3;
				MTL_ENABLE_DEBUG_INFO = YES;
				ONLY_ACTIVE_ARCH = YES;
				SDKROOT = iphoneos;
				SWIFT_OPTIMIZATION_LEVEL = "-Onone";
			};
			name = Debug;
		};
		4D760C361CF3D8600044962D /* Release */ = {
			isa = XCBuildConfiguration;
			buildSettings = {
				ALWAYS_SEARCH_USER_PATHS = NO;
				CLANG_ANALYZER_NONNULL = YES;
				CLANG_CXX_LANGUAGE_STANDARD = "gnu++0x";
				CLANG_CXX_LIBRARY = "libc++";
				CLANG_ENABLE_MODULES = YES;
				CLANG_ENABLE_OBJC_ARC = YES;
				CLANG_WARN_BOOL_CONVERSION = YES;
				CLANG_WARN_CONSTANT_CONVERSION = YES;
				CLANG_WARN_DIRECT_OBJC_ISA_USAGE = YES_ERROR;
				CLANG_WARN_EMPTY_BODY = YES;
				CLANG_WARN_ENUM_CONVERSION = YES;
				CLANG_WARN_INT_CONVERSION = YES;
				CLANG_WARN_OBJC_ROOT_CLASS = YES_ERROR;
				CLANG_WARN_UNREACHABLE_CODE = YES;
				CLANG_WARN__DUPLICATE_METHOD_MATCH = YES;
				"CODE_SIGN_IDENTITY[sdk=iphoneos*]" = "iPhone Developer";
				COPY_PHASE_STRIP = NO;
				DEBUG_INFORMATION_FORMAT = "dwarf-with-dsym";
				ENABLE_NS_ASSERTIONS = NO;
				ENABLE_STRICT_OBJC_MSGSEND = YES;
				GCC_C_LANGUAGE_STANDARD = gnu99;
				GCC_NO_COMMON_BLOCKS = YES;
				GCC_WARN_64_TO_32_BIT_CONVERSION = YES;
				GCC_WARN_ABOUT_RETURN_TYPE = YES_ERROR;
				GCC_WARN_UNDECLARED_SELECTOR = YES;
				GCC_WARN_UNINITIALIZED_AUTOS = YES_AGGRESSIVE;
				GCC_WARN_UNUSED_FUNCTION = YES;
				GCC_WARN_UNUSED_VARIABLE = YES;
				IPHONEOS_DEPLOYMENT_TARGET = 9.3;
				MTL_ENABLE_DEBUG_INFO = NO;
				SDKROOT = iphoneos;
				VALIDATE_PRODUCT = YES;
			};
			name = Release;
		};
		4D760C381CF3D8600044962D /* Debug */ = {
			isa = XCBuildConfiguration;
			buildSettings = {
				ASSETCATALOG_COMPILER_APPICON_NAME = AppIcon;
				INFOPLIST_FILE = mapTest/Info.plist;
				LD_RUNPATH_SEARCH_PATHS = "$(inherited) @executable_path/Frameworks";
				PRODUCT_BUNDLE_IDENTIFIER = com.mark.mapTest;
				PRODUCT_NAME = "$(TARGET_NAME)";
			};
			name = Debug;
		};
		4D760C391CF3D8600044962D /* Release */ = {
			isa = XCBuildConfiguration;
			buildSettings = {
				ASSETCATALOG_COMPILER_APPICON_NAME = AppIcon;
				INFOPLIST_FILE = mapTest/Info.plist;
				LD_RUNPATH_SEARCH_PATHS = "$(inherited) @executable_path/Frameworks";
				PRODUCT_BUNDLE_IDENTIFIER = com.mark.mapTest;
				PRODUCT_NAME = "$(TARGET_NAME)";
			};
			name = Release;
		};
		4D760C3B1CF3D8600044962D /* Debug */ = {
			isa = XCBuildConfiguration;
			buildSettings = {
				BUNDLE_LOADER = "$(TEST_HOST)";
				INFOPLIST_FILE = mapTestTests/Info.plist;
				LD_RUNPATH_SEARCH_PATHS = "$(inherited) @executable_path/Frameworks @loader_path/Frameworks";
				PRODUCT_BUNDLE_IDENTIFIER = com.mark.mapTestTests;
				PRODUCT_NAME = "$(TARGET_NAME)";
				TEST_HOST = "$(BUILT_PRODUCTS_DIR)/mapTest.app/mapTest";
			};
			name = Debug;
		};
		4D760C3C1CF3D8600044962D /* Release */ = {
			isa = XCBuildConfiguration;
			buildSettings = {
				BUNDLE_LOADER = "$(TEST_HOST)";
				INFOPLIST_FILE = mapTestTests/Info.plist;
				LD_RUNPATH_SEARCH_PATHS = "$(inherited) @executable_path/Frameworks @loader_path/Frameworks";
				PRODUCT_BUNDLE_IDENTIFIER = com.mark.mapTestTests;
				PRODUCT_NAME = "$(TARGET_NAME)";
				TEST_HOST = "$(BUILT_PRODUCTS_DIR)/mapTest.app/mapTest";
			};
			name = Release;
		};
		4D760C3E1CF3D8600044962D /* Debug */ = {
			isa = XCBuildConfiguration;
			buildSettings = {
				INFOPLIST_FILE = mapTestUITests/Info.plist;
				LD_RUNPATH_SEARCH_PATHS = "$(inherited) @executable_path/Frameworks @loader_path/Frameworks";
				PRODUCT_BUNDLE_IDENTIFIER = com.mark.mapTestUITests;
				PRODUCT_NAME = "$(TARGET_NAME)";
				TEST_TARGET_NAME = mapTest;
			};
			name = Debug;
		};
		4D760C3F1CF3D8600044962D /* Release */ = {
			isa = XCBuildConfiguration;
			buildSettings = {
				INFOPLIST_FILE = mapTestUITests/Info.plist;
				LD_RUNPATH_SEARCH_PATHS = "$(inherited) @executable_path/Frameworks @loader_path/Frameworks";
				PRODUCT_BUNDLE_IDENTIFIER = com.mark.mapTestUITests;
				PRODUCT_NAME = "$(TARGET_NAME)";
				TEST_TARGET_NAME = mapTest;
			};
			name = Release;
		};
/* End XCBuildConfiguration section */

/* Begin XCConfigurationList section */
		4D760C0A1CF3D8600044962D /* Build configuration list for PBXProject "mapTest" */ = {
			isa = XCConfigurationList;
			buildConfigurations = (
				4D760C351CF3D8600044962D /* Debug */,
				4D760C361CF3D8600044962D /* Release */,
			);
			defaultConfigurationIsVisible = 0;
			defaultConfigurationName = Release;
		};
		4D760C371CF3D8600044962D /* Build configuration list for PBXNativeTarget "mapTest" */ = {
			isa = XCConfigurationList;
			buildConfigurations = (
				4D760C381CF3D8600044962D /* Debug */,
				4D760C391CF3D8600044962D /* Release */,
			);
			defaultConfigurationIsVisible = 0;
		};
		4D760C3A1CF3D8600044962D /* Build configuration list for PBXNativeTarget "mapTestTests" */ = {
			isa = XCConfigurationList;
			buildConfigurations = (
				4D760C3B1CF3D8600044962D /* Debug */,
				4D760C3C1CF3D8600044962D /* Release */,
			);
			defaultConfigurationIsVisible = 0;
		};
		4D760C3D1CF3D8600044962D /* Build configuration list for PBXNativeTarget "mapTestUITests" */ = {
			isa = XCConfigurationList;
			buildConfigurations = (
				4D760C3E1CF3D8600044962D /* Debug */,
				4D760C3F1CF3D8600044962D /* Release */,
			);
			defaultConfigurationIsVisible = 0;
		};
/* End XCConfigurationList section */
	};
	rootObject = 4D760C071CF3D8600044962D /* Project object */;
}
