// !$*UTF8*$!
{
	archiveVersion = 1;
	classes = {
	};
	objectVersion = 46;
	objects = {

/* Begin PBXBuildFile section */
		4D8565B91CEEEB18001F2B7B /* AppDelegate.swift in Sources */ = {isa = PBXBuildFile; fileRef = 4D8565B81CEEEB18001F2B7B /* AppDelegate.swift */; };
		4D8565BB1CEEEB18001F2B7B /* ViewController.swift in Sources */ = {isa = PBXBuildFile; fileRef = 4D8565BA1CEEEB18001F2B7B /* ViewController.swift */; };
		4D8565BE1CEEEB18001F2B7B /* Main.storyboard in Resources */ = {isa = PBXBuildFile; fileRef = 4D8565BC1CEEEB18001F2B7B /* Main.storyboard */; };
		4D8565C01CEEEB18001F2B7B /* Assets.xcassets in Resources */ = {isa = PBXBuildFile; fileRef = 4D8565BF1CEEEB18001F2B7B /* Assets.xcassets */; };
		4D8565C31CEEEB18001F2B7B /* LaunchScreen.storyboard in Resources */ = {isa = PBXBuildFile; fileRef = 4D8565C11CEEEB18001F2B7B /* LaunchScreen.storyboard */; };
		4D8565CE1CEEEB19001F2B7B /* SeguesTests.swift in Sources */ = {isa = PBXBuildFile; fileRef = 4D8565CD1CEEEB19001F2B7B /* SeguesTests.swift */; };
		4D8565D91CEEEB19001F2B7B /* SeguesUITests.swift in Sources */ = {isa = PBXBuildFile; fileRef = 4D8565D81CEEEB19001F2B7B /* SeguesUITests.swift */; };
/* End PBXBuildFile section */

/* Begin PBXContainerItemProxy section */
		4D8565CA1CEEEB19001F2B7B /* PBXContainerItemProxy */ = {
			isa = PBXContainerItemProxy;
			containerPortal = 4D8565AD1CEEEB18001F2B7B /* Project object */;
			proxyType = 1;
			remoteGlobalIDString = 4D8565B41CEEEB18001F2B7B;
			remoteInfo = Segues;
		};
		4D8565D51CEEEB19001F2B7B /* PBXContainerItemProxy */ = {
			isa = PBXContainerItemProxy;
			containerPortal = 4D8565AD1CEEEB18001F2B7B /* Project object */;
			proxyType = 1;
			remoteGlobalIDString = 4D8565B41CEEEB18001F2B7B;
			remoteInfo = Segues;
		};
/* End PBXContainerItemProxy section */

/* Begin PBXFileReference section */
		4D8565B51CEEEB18001F2B7B /* Segues.app */ = {isa = PBXFileReference; explicitFileType = wrapper.application; includeInIndex = 0; path = Segues.app; sourceTree = BUILT_PRODUCTS_DIR; };
		4D8565B81CEEEB18001F2B7B /* AppDelegate.swift */ = {isa = PBXFileReference; lastKnownFileType = sourcecode.swift; path = AppDelegate.swift; sourceTree = "<group>"; };
		4D8565BA1CEEEB18001F2B7B /* ViewController.swift */ = {isa = PBXFileReference; lastKnownFileType = sourcecode.swift; path = ViewController.swift; sourceTree = "<group>"; };
		4D8565BD1CEEEB18001F2B7B /* Base */ = {isa = PBXFileReference; lastKnownFileType = file.storyboard; name = Base; path = Base.lproj/Main.storyboard; sourceTree = "<group>"; };
		4D8565BF1CEEEB18001F2B7B /* Assets.xcassets */ = {isa = PBXFileReference; lastKnownFileType = folder.assetcatalog; path = Assets.xcassets; sourceTree = "<group>"; };
		4D8565C21CEEEB18001F2B7B /* Base */ = {isa = PBXFileReference; lastKnownFileType = file.storyboard; name = Base; path = Base.lproj/LaunchScreen.storyboard; sourceTree = "<group>"; };
		4D8565C41CEEEB18001F2B7B /* Info.plist */ = {isa = PBXFileReference; lastKnownFileType = text.plist.xml; path = Info.plist; sourceTree = "<group>"; };
		4D8565C91CEEEB19001F2B7B /* SeguesTests.xctest */ = {isa = PBXFileReference; explicitFileType = wrapper.cfbundle; includeInIndex = 0; path = SeguesTests.xctest; sourceTree = BUILT_PRODUCTS_DIR; };
		4D8565CD1CEEEB19001F2B7B /* SeguesTests.swift */ = {isa = PBXFileReference; lastKnownFileType = sourcecode.swift; path = SeguesTests.swift; sourceTree = "<group>"; };
		4D8565CF1CEEEB19001F2B7B /* Info.plist */ = {isa = PBXFileReference; lastKnownFileType = text.plist.xml; path = Info.plist; sourceTree = "<group>"; };
		4D8565D41CEEEB19001F2B7B /* SeguesUITests.xctest */ = {isa = PBXFileReference; explicitFileType = wrapper.cfbundle; includeInIndex = 0; path = SeguesUITests.xctest; sourceTree = BUILT_PRODUCTS_DIR; };
		4D8565D81CEEEB19001F2B7B /* SeguesUITests.swift */ = {isa = PBXFileReference; lastKnownFileType = sourcecode.swift; path = SeguesUITests.swift; sourceTree = "<group>"; };
		4D8565DA1CEEEB19001F2B7B /* Info.plist */ = {isa = PBXFileReference; lastKnownFileType = text.plist.xml; path = Info.plist; sourceTree = "<group>"; };
/* End PBXFileReference section */

/* Begin PBXFrameworksBuildPhase section */
		4D8565B21CEEEB18001F2B7B /* Frameworks */ = {
			isa = PBXFrameworksBuildPhase;
			buildActionMask = 2147483647;
			files = (
			);
			runOnlyForDeploymentPostprocessing = 0;
		};
		4D8565C61CEEEB19001F2B7B /* Frameworks */ = {
			isa = PBXFrameworksBuildPhase;
			buildActionMask = 2147483647;
			files = (
			);
			runOnlyForDeploymentPostprocessing = 0;
		};
		4D8565D11CEEEB19001F2B7B /* Frameworks */ = {
			isa = PBXFrameworksBuildPhase;
			buildActionMask = 2147483647;
			files = (
			);
			runOnlyForDeploymentPostprocessing = 0;
		};
/* End PBXFrameworksBuildPhase section */

/* Begin PBXGroup section */
		4D8565AC1CEEEB18001F2B7B = {
			isa = PBXGroup;
			children = (
				4D8565B71CEEEB18001F2B7B /* Segues */,
				4D8565CC1CEEEB19001F2B7B /* SeguesTests */,
				4D8565D71CEEEB19001F2B7B /* SeguesUITests */,
				4D8565B61CEEEB18001F2B7B /* Products */,
			);
			sourceTree = "<group>";
		};
		4D8565B61CEEEB18001F2B7B /* Products */ = {
			isa = PBXGroup;
			children = (
				4D8565B51CEEEB18001F2B7B /* Segues.app */,
				4D8565C91CEEEB19001F2B7B /* SeguesTests.xctest */,
				4D8565D41CEEEB19001F2B7B /* SeguesUITests.xctest */,
			);
			name = Products;
			sourceTree = "<group>";
		};
		4D8565B71CEEEB18001F2B7B /* Segues */ = {
			isa = PBXGroup;
			children = (
				4D8565B81CEEEB18001F2B7B /* AppDelegate.swift */,
				4D8565BA1CEEEB18001F2B7B /* ViewController.swift */,
				4D8565BC1CEEEB18001F2B7B /* Main.storyboard */,
				4D8565BF1CEEEB18001F2B7B /* Assets.xcassets */,
				4D8565C11CEEEB18001F2B7B /* LaunchScreen.storyboard */,
				4D8565C41CEEEB18001F2B7B /* Info.plist */,
			);
			path = Segues;
			sourceTree = "<group>";
		};
		4D8565CC1CEEEB19001F2B7B /* SeguesTests */ = {
			isa = PBXGroup;
			children = (
				4D8565CD1CEEEB19001F2B7B /* SeguesTests.swift */,
				4D8565CF1CEEEB19001F2B7B /* Info.plist */,
			);
			path = SeguesTests;
			sourceTree = "<group>";
		};
		4D8565D71CEEEB19001F2B7B /* SeguesUITests */ = {
			isa = PBXGroup;
			children = (
				4D8565D81CEEEB19001F2B7B /* SeguesUITests.swift */,
				4D8565DA1CEEEB19001F2B7B /* Info.plist */,
			);
			path = SeguesUITests;
			sourceTree = "<group>";
		};
/* End PBXGroup section */

/* Begin PBXNativeTarget section */
		4D8565B41CEEEB18001F2B7B /* Segues */ = {
			isa = PBXNativeTarget;
			buildConfigurationList = 4D8565DD1CEEEB19001F2B7B /* Build configuration list for PBXNativeTarget "Segues" */;
			buildPhases = (
				4D8565B11CEEEB18001F2B7B /* Sources */,
				4D8565B21CEEEB18001F2B7B /* Frameworks */,
				4D8565B31CEEEB18001F2B7B /* Resources */,
			);
			buildRules = (
			);
			dependencies = (
			);
			name = Segues;
			productName = Segues;
			productReference = 4D8565B51CEEEB18001F2B7B /* Segues.app */;
			productType = "com.apple.product-type.application";
		};
		4D8565C81CEEEB19001F2B7B /* SeguesTests */ = {
			isa = PBXNativeTarget;
			buildConfigurationList = 4D8565E01CEEEB19001F2B7B /* Build configuration list for PBXNativeTarget "SeguesTests" */;
			buildPhases = (
				4D8565C51CEEEB19001F2B7B /* Sources */,
				4D8565C61CEEEB19001F2B7B /* Frameworks */,
				4D8565C71CEEEB19001F2B7B /* Resources */,
			);
			buildRules = (
			);
			dependencies = (
				4D8565CB1CEEEB19001F2B7B /* PBXTargetDependency */,
			);
			name = SeguesTests;
			productName = SeguesTests;
			productReference = 4D8565C91CEEEB19001F2B7B /* SeguesTests.xctest */;
			productType = "com.apple.product-type.bundle.unit-test";
		};
		4D8565D31CEEEB19001F2B7B /* SeguesUITests */ = {
			isa = PBXNativeTarget;
			buildConfigurationList = 4D8565E31CEEEB19001F2B7B /* Build configuration list for PBXNativeTarget "SeguesUITests" */;
			buildPhases = (
				4D8565D01CEEEB19001F2B7B /* Sources */,
				4D8565D11CEEEB19001F2B7B /* Frameworks */,
				4D8565D21CEEEB19001F2B7B /* Resources */,
			);
			buildRules = (
			);
			dependencies = (
				4D8565D61CEEEB19001F2B7B /* PBXTargetDependency */,
			);
			name = SeguesUITests;
			productName = SeguesUITests;
			productReference = 4D8565D41CEEEB19001F2B7B /* SeguesUITests.xctest */;
			productType = "com.apple.product-type.bundle.ui-testing";
		};
/* End PBXNativeTarget section */

/* Begin PBXProject section */
		4D8565AD1CEEEB18001F2B7B /* Project object */ = {
			isa = PBXProject;
			attributes = {
				LastSwiftUpdateCheck = 0730;
				LastUpgradeCheck = 0730;
				ORGANIZATIONNAME = Mark;
				TargetAttributes = {
					4D8565B41CEEEB18001F2B7B = {
						CreatedOnToolsVersion = 7.3.1;
						DevelopmentTeam = ZU7PA4P32X;
					};
					4D8565C81CEEEB19001F2B7B = {
						CreatedOnToolsVersion = 7.3.1;
						DevelopmentTeam = ZU7PA4P32X;
						TestTargetID = 4D8565B41CEEEB18001F2B7B;
					};
					4D8565D31CEEEB19001F2B7B = {
						CreatedOnToolsVersion = 7.3.1;
						DevelopmentTeam = ZU7PA4P32X;
						TestTargetID = 4D8565B41CEEEB18001F2B7B;
					};
				};
			};
			buildConfigurationList = 4D8565B01CEEEB18001F2B7B /* Build configuration list for PBXProject "Segues" */;
			compatibilityVersion = "Xcode 3.2";
			developmentRegion = English;
			hasScannedForEncodings = 0;
			knownRegions = (
				en,
				Base,
			);
			mainGroup = 4D8565AC1CEEEB18001F2B7B;
			productRefGroup = 4D8565B61CEEEB18001F2B7B /* Products */;
			projectDirPath = "";
			projectRoot = "";
			targets = (
				4D8565B41CEEEB18001F2B7B /* Segues */,
				4D8565C81CEEEB19001F2B7B /* SeguesTests */,
				4D8565D31CEEEB19001F2B7B /* SeguesUITests */,
			);
		};
/* End PBXProject section */

/* Begin PBXResourcesBuildPhase section */
		4D8565B31CEEEB18001F2B7B /* Resources */ = {
			isa = PBXResourcesBuildPhase;
			buildActionMask = 2147483647;
			files = (
				4D8565C31CEEEB18001F2B7B /* LaunchScreen.storyboard in Resources */,
				4D8565C01CEEEB18001F2B7B /* Assets.xcassets in Resources */,
				4D8565BE1CEEEB18001F2B7B /* Main.storyboard in Resources */,
			);
			runOnlyForDeploymentPostprocessing = 0;
		};
		4D8565C71CEEEB19001F2B7B /* Resources */ = {
			isa = PBXResourcesBuildPhase;
			buildActionMask = 2147483647;
			files = (
			);
			runOnlyForDeploymentPostprocessing = 0;
		};
		4D8565D21CEEEB19001F2B7B /* Resources */ = {
			isa = PBXResourcesBuildPhase;
			buildActionMask = 2147483647;
			files = (
			);
			runOnlyForDeploymentPostprocessing = 0;
		};
/* End PBXResourcesBuildPhase section */

/* Begin PBXSourcesBuildPhase section */
		4D8565B11CEEEB18001F2B7B /* Sources */ = {
			isa = PBXSourcesBuildPhase;
			buildActionMask = 2147483647;
			files = (
				4D8565BB1CEEEB18001F2B7B /* ViewController.swift in Sources */,
				4D8565B91CEEEB18001F2B7B /* AppDelegate.swift in Sources */,
			);
			runOnlyForDeploymentPostprocessing = 0;
		};
		4D8565C51CEEEB19001F2B7B /* Sources */ = {
			isa = PBXSourcesBuildPhase;
			buildActionMask = 2147483647;
			files = (
				4D8565CE1CEEEB19001F2B7B /* SeguesTests.swift in Sources */,
			);
			runOnlyForDeploymentPostprocessing = 0;
		};
		4D8565D01CEEEB19001F2B7B /* Sources */ = {
			isa = PBXSourcesBuildPhase;
			buildActionMask = 2147483647;
			files = (
				4D8565D91CEEEB19001F2B7B /* SeguesUITests.swift in Sources */,
			);
			runOnlyForDeploymentPostprocessing = 0;
		};
/* End PBXSourcesBuildPhase section */

/* Begin PBXTargetDependency section */
		4D8565CB1CEEEB19001F2B7B /* PBXTargetDependency */ = {
			isa = PBXTargetDependency;
			target = 4D8565B41CEEEB18001F2B7B /* Segues */;
			targetProxy = 4D8565CA1CEEEB19001F2B7B /* PBXContainerItemProxy */;
		};
		4D8565D61CEEEB19001F2B7B /* PBXTargetDependency */ = {
			isa = PBXTargetDependency;
			target = 4D8565B41CEEEB18001F2B7B /* Segues */;
			targetProxy = 4D8565D51CEEEB19001F2B7B /* PBXContainerItemProxy */;
		};
/* End PBXTargetDependency section */

/* Begin PBXVariantGroup section */
		4D8565BC1CEEEB18001F2B7B /* Main.storyboard */ = {
			isa = PBXVariantGroup;
			children = (
				4D8565BD1CEEEB18001F2B7B /* Base */,
			);
			name = Main.storyboard;
			sourceTree = "<group>";
		};
		4D8565C11CEEEB18001F2B7B /* LaunchScreen.storyboard */ = {
			isa = PBXVariantGroup;
			children = (
				4D8565C21CEEEB18001F2B7B /* Base */,
			);
			name = LaunchScreen.storyboard;
			sourceTree = "<group>";
		};
/* End PBXVariantGroup section */

/* Begin XCBuildConfiguration section */
		4D8565DB1CEEEB19001F2B7B /* Debug */ = {
			isa = XCBuildConfiguration;
			buildSettings = {
				ALWAYS_SEARCH_USER_PATHS = NO;
				CLANG_ANALYZER_NONNULL = YES;
				CLANG_CXX_LANGUAGE_STANDARD = "gnu++0x";
				CLANG_CXX_LIBRARY = "libc++";
				CLANG_ENABLE_MODULES = YES;
				CLANG_ENABLE_OBJC_ARC = YES;
				CLANG_WARN_BOOL_CONVERSION = YES;
				CLANG_WARN_CONSTANT_CONVERSION = YES;
				CLANG_WARN_DIRECT_OBJC_ISA_USAGE = YES_ERROR;
				CLANG_WARN_EMPTY_BODY = YES;
				CLANG_WARN_ENUM_CONVERSION = YES;
				CLANG_WARN_INT_CONVERSION = YES;
				CLANG_WARN_OBJC_ROOT_CLASS = YES_ERROR;
				CLANG_WARN_UNREACHABLE_CODE = YES;
				CLANG_WARN__DUPLICATE_METHOD_MATCH = YES;
				"CODE_SIGN_IDENTITY[sdk=iphoneos*]" = "iPhone Developer";
				COPY_PHASE_STRIP = NO;
				DEBUG_INFORMATION_FORMAT = dwarf;
				ENABLE_STRICT_OBJC_MSGSEND = YES;
				ENABLE_TESTABILITY = YES;
				GCC_C_LANGUAGE_STANDARD = gnu99;
				GCC_DYNAMIC_NO_PIC = NO;
				GCC_NO_COMMON_BLOCKS = YES;
				GCC_OPTIMIZATION_LEVEL = 0;
				GCC_PREPROCESSOR_DEFINITIONS = (
					"DEBUG=1",
					"$(inherited)",
				);
				GCC_WARN_64_TO_32_BIT_CONVERSION = YES;
				GCC_WARN_ABOUT_RETURN_TYPE = YES_ERROR;
				GCC_WARN_UNDECLARED_SELECTOR = YES;
				GCC_WARN_UNINITIALIZED_AUTOS = YES_AGGRESSIVE;
				GCC_WARN_UNUSED_FUNCTION = YES;
				GCC_WARN_UNUSED_VARIABLE = YES;
				IPHONEOS_DEPLOYMENT_TARGET = 9.3;
				MTL_ENABLE_DEBUG_INFO = YES;
				ONLY_ACTIVE_ARCH = YES;
				SDKROOT = iphoneos;
				SWIFT_OPTIMIZATION_LEVEL = "-Onone";
			};
			name = Debug;
		};
		4D8565DC1CEEEB19001F2B7B /* Release */ = {
			isa = XCBuildConfiguration;
			buildSettings = {
				ALWAYS_SEARCH_USER_PATHS = NO;
				CLANG_ANALYZER_NONNULL = YES;
				CLANG_CXX_LANGUAGE_STANDARD = "gnu++0x";
				CLANG_CXX_LIBRARY = "libc++";
				CLANG_ENABLE_MODULES = YES;
				CLANG_ENABLE_OBJC_ARC = YES;
				CLANG_WARN_BOOL_CONVERSION = YES;
				CLANG_WARN_CONSTANT_CONVERSION = YES;
				CLANG_WARN_DIRECT_OBJC_ISA_USAGE = YES_ERROR;
				CLANG_WARN_EMPTY_BODY = YES;
				CLANG_WARN_ENUM_CONVERSION = YES;
				CLANG_WARN_INT_CONVERSION = YES;
				CLANG_WARN_OBJC_ROOT_CLASS = YES_ERROR;
				CLANG_WARN_UNREACHABLE_CODE = YES;
				CLANG_WARN__DUPLICATE_METHOD_MATCH = YES;
				"CODE_SIGN_IDENTITY[sdk=iphoneos*]" = "iPhone Developer";
				COPY_PHASE_STRIP = NO;
				DEBUG_INFORMATION_FORMAT = "dwarf-with-dsym";
				ENABLE_NS_ASSERTIONS = NO;
				ENABLE_STRICT_OBJC_MSGSEND = YES;
				GCC_C_LANGUAGE_STANDARD = gnu99;
				GCC_NO_COMMON_BLOCKS = YES;
				GCC_WARN_64_TO_32_BIT_CONVERSION = YES;
				GCC_WARN_ABOUT_RETURN_TYPE = YES_ERROR;
				GCC_WARN_UNDECLARED_SELECTOR = YES;
				GCC_WARN_UNINITIALIZED_AUTOS = YES_AGGRESSIVE;
				GCC_WARN_UNUSED_FUNCTION = YES;
				GCC_WARN_UNUSED_VARIABLE = YES;
				IPHONEOS_DEPLOYMENT_TARGET = 9.3;
				MTL_ENABLE_DEBUG_INFO = NO;
				SDKROOT = iphoneos;
				VALIDATE_PRODUCT = YES;
			};
			name = Release;
		};
		4D8565DE1CEEEB19001F2B7B /* Debug */ = {
			isa = XCBuildConfiguration;
			buildSettings = {
				ASSETCATALOG_COMPILER_APPICON_NAME = AppIcon;
				INFOPLIST_FILE = Segues/Info.plist;
				LD_RUNPATH_SEARCH_PATHS = "$(inherited) @executable_path/Frameworks";
				PRODUCT_BUNDLE_IDENTIFIER = com.mark.Segues;
				PRODUCT_NAME = "$(TARGET_NAME)";
			};
			name = Debug;
		};
		4D8565DF1CEEEB19001F2B7B /* Release */ = {
			isa = XCBuildConfiguration;
			buildSettings = {
				ASSETCATALOG_COMPILER_APPICON_NAME = AppIcon;
				INFOPLIST_FILE = Segues/Info.plist;
				LD_RUNPATH_SEARCH_PATHS = "$(inherited) @executable_path/Frameworks";
				PRODUCT_BUNDLE_IDENTIFIER = com.mark.Segues;
				PRODUCT_NAME = "$(TARGET_NAME)";
			};
			name = Release;
		};
		4D8565E11CEEEB19001F2B7B /* Debug */ = {
			isa = XCBuildConfiguration;
			buildSettings = {
				BUNDLE_LOADER = "$(TEST_HOST)";
				INFOPLIST_FILE = SeguesTests/Info.plist;
				LD_RUNPATH_SEARCH_PATHS = "$(inherited) @executable_path/Frameworks @loader_path/Frameworks";
				PRODUCT_BUNDLE_IDENTIFIER = com.mark.SeguesTests;
				PRODUCT_NAME = "$(TARGET_NAME)";
				TEST_HOST = "$(BUILT_PRODUCTS_DIR)/Segues.app/Segues";
			};
			name = Debug;
		};
		4D8565E21CEEEB19001F2B7B /* Release */ = {
			isa = XCBuildConfiguration;
			buildSettings = {
				BUNDLE_LOADER = "$(TEST_HOST)";
				INFOPLIST_FILE = SeguesTests/Info.plist;
				LD_RUNPATH_SEARCH_PATHS = "$(inherited) @executable_path/Frameworks @loader_path/Frameworks";
				PRODUCT_BUNDLE_IDENTIFIER = com.mark.SeguesTests;
				PRODUCT_NAME = "$(TARGET_NAME)";
				TEST_HOST = "$(BUILT_PRODUCTS_DIR)/Segues.app/Segues";
			};
			name = Release;
		};
		4D8565E41CEEEB19001F2B7B /* Debug */ = {
			isa = XCBuildConfiguration;
			buildSettings = {
				INFOPLIST_FILE = SeguesUITests/Info.plist;
				LD_RUNPATH_SEARCH_PATHS = "$(inherited) @executable_path/Frameworks @loader_path/Frameworks";
				PRODUCT_BUNDLE_IDENTIFIER = com.mark.SeguesUITests;
				PRODUCT_NAME = "$(TARGET_NAME)";
				TEST_TARGET_NAME = Segues;
			};
			name = Debug;
		};
		4D8565E51CEEEB19001F2B7B /* Release */ = {
			isa = XCBuildConfiguration;
			buildSettings = {
				INFOPLIST_FILE = SeguesUITests/Info.plist;
				LD_RUNPATH_SEARCH_PATHS = "$(inherited) @executable_path/Frameworks @loader_path/Frameworks";
				PRODUCT_BUNDLE_IDENTIFIER = com.mark.SeguesUITests;
				PRODUCT_NAME = "$(TARGET_NAME)";
				TEST_TARGET_NAME = Segues;
			};
			name = Release;
		};
/* End XCBuildConfiguration section */

/* Begin XCConfigurationList section */
		4D8565B01CEEEB18001F2B7B /* Build configuration list for PBXProject "Segues" */ = {
			isa = XCConfigurationList;
			buildConfigurations = (
				4D8565DB1CEEEB19001F2B7B /* Debug */,
				4D8565DC1CEEEB19001F2B7B /* Release */,
			);
			defaultConfigurationIsVisible = 0;
			defaultConfigurationName = Release;
		};
		4D8565DD1CEEEB19001F2B7B /* Build configuration list for PBXNativeTarget "Segues" */ = {
			isa = XCConfigurationList;
			buildConfigurations = (
				4D8565DE1CEEEB19001F2B7B /* Debug */,
				4D8565DF1CEEEB19001F2B7B /* Release */,
			);
			defaultConfigurationIsVisible = 0;
		};
		4D8565E01CEEEB19001F2B7B /* Build configuration list for PBXNativeTarget "SeguesTests" */ = {
			isa = XCConfigurationList;
			buildConfigurations = (
				4D8565E11CEEEB19001F2B7B /* Debug */,
				4D8565E21CEEEB19001F2B7B /* Release */,
			);
			defaultConfigurationIsVisible = 0;
		};
		4D8565E31CEEEB19001F2B7B /* Build configuration list for PBXNativeTarget "SeguesUITests" */ = {
			isa = XCConfigurationList;
			buildConfigurations = (
				4D8565E41CEEEB19001F2B7B /* Debug */,
				4D8565E51CEEEB19001F2B7B /* Release */,
			);
			defaultConfigurationIsVisible = 0;
		};
/* End XCConfigurationList section */
	};
	rootObject = 4D8565AD1CEEEB18001F2B7B /* Project object */;
}
