// !$*UTF8*$!
{
	archiveVersion = 1;
	classes = {
	};
	objectVersion = 46;
	objects = {

/* Begin PBXBuildFile section */
		4D22F3FD1CF4D7C800A148D4 /* TableViewController.swift in Sources */ = {isa = PBXBuildFile; fileRef = 4D22F3FC1CF4D7C800A148D4 /* TableViewController.swift */; };
		4D22F3FF1CF4DA8400A148D4 /* CoreLocation.framework in Frameworks */ = {isa = PBXBuildFile; fileRef = 4D22F3FE1CF4DA8400A148D4 /* CoreLocation.framework */; };
		4DD6FE071CF4D18700F7D7ED /* AppDelegate.swift in Sources */ = {isa = PBXBuildFile; fileRef = 4DD6FE061CF4D18700F7D7ED /* AppDelegate.swift */; };
		4DD6FE091CF4D18700F7D7ED /* ViewController.swift in Sources */ = {isa = PBXBuildFile; fileRef = 4DD6FE081CF4D18700F7D7ED /* ViewController.swift */; };
		4DD6FE0C1CF4D18700F7D7ED /* Main.storyboard in Resources */ = {isa = PBXBuildFile; fileRef = 4DD6FE0A1CF4D18700F7D7ED /* Main.storyboard */; };
		4DD6FE0E1CF4D18700F7D7ED /* Assets.xcassets in Resources */ = {isa = PBXBuildFile; fileRef = 4DD6FE0D1CF4D18700F7D7ED /* Assets.xcassets */; };
		4DD6FE111CF4D18700F7D7ED /* LaunchScreen.storyboard in Resources */ = {isa = PBXBuildFile; fileRef = 4DD6FE0F1CF4D18700F7D7ED /* LaunchScreen.storyboard */; };
		4DD6FE1C1CF4D18700F7D7ED /* Favorite_LocationsTests.swift in Sources */ = {isa = PBXBuildFile; fileRef = 4DD6FE1B1CF4D18700F7D7ED /* Favorite_LocationsTests.swift */; };
		4DD6FE271CF4D18700F7D7ED /* Favorite_LocationsUITests.swift in Sources */ = {isa = PBXBuildFile; fileRef = 4DD6FE261CF4D18700F7D7ED /* Favorite_LocationsUITests.swift */; };
/* End PBXBuildFile section */

/* Begin PBXContainerItemProxy section */
		4DD6FE181CF4D18700F7D7ED /* PBXContainerItemProxy */ = {
			isa = PBXContainerItemProxy;
			containerPortal = 4DD6FDFB1CF4D18700F7D7ED /* Project object */;
			proxyType = 1;
			remoteGlobalIDString = 4DD6FE021CF4D18700F7D7ED;
			remoteInfo = "Favorite Locations";
		};
		4DD6FE231CF4D18700F7D7ED /* PBXContainerItemProxy */ = {
			isa = PBXContainerItemProxy;
			containerPortal = 4DD6FDFB1CF4D18700F7D7ED /* Project object */;
			proxyType = 1;
			remoteGlobalIDString = 4DD6FE021CF4D18700F7D7ED;
			remoteInfo = "Favorite Locations";
		};
/* End PBXContainerItemProxy section */

/* Begin PBXFileReference section */
		4D22F3FC1CF4D7C800A148D4 /* TableViewController.swift */ = {isa = PBXFileReference; fileEncoding = 4; lastKnownFileType = sourcecode.swift; path = TableViewController.swift; sourceTree = "<group>"; };
		4D22F3FE1CF4DA8400A148D4 /* CoreLocation.framework */ = {isa = PBXFileReference; lastKnownFileType = wrapper.framework; name = CoreLocation.framework; path = System/Library/Frameworks/CoreLocation.framework; sourceTree = SDKROOT; };
		4DD6FE031CF4D18700F7D7ED /* Favorite Locations.app */ = {isa = PBXFileReference; explicitFileType = wrapper.application; includeInIndex = 0; path = "Favorite Locations.app"; sourceTree = BUILT_PRODUCTS_DIR; };
		4DD6FE061CF4D18700F7D7ED /* AppDelegate.swift */ = {isa = PBXFileReference; lastKnownFileType = sourcecode.swift; path = AppDelegate.swift; sourceTree = "<group>"; };
		4DD6FE081CF4D18700F7D7ED /* ViewController.swift */ = {isa = PBXFileReference; lastKnownFileType = sourcecode.swift; path = ViewController.swift; sourceTree = "<group>"; };
		4DD6FE0B1CF4D18700F7D7ED /* Base */ = {isa = PBXFileReference; lastKnownFileType = file.storyboard; name = Base; path = Base.lproj/Main.storyboard; sourceTree = "<group>"; };
		4DD6FE0D1CF4D18700F7D7ED /* Assets.xcassets */ = {isa = PBXFileReference; lastKnownFileType = folder.assetcatalog; path = Assets.xcassets; sourceTree = "<group>"; };
		4DD6FE101CF4D18700F7D7ED /* Base */ = {isa = PBXFileReference; lastKnownFileType = file.storyboard; name = Base; path = Base.lproj/LaunchScreen.storyboard; sourceTree = "<group>"; };
		4DD6FE121CF4D18700F7D7ED /* Info.plist */ = {isa = PBXFileReference; lastKnownFileType = text.plist.xml; path = Info.plist; sourceTree = "<group>"; };
		4DD6FE171CF4D18700F7D7ED /* Favorite LocationsTests.xctest */ = {isa = PBXFileReference; explicitFileType = wrapper.cfbundle; includeInIndex = 0; path = "Favorite LocationsTests.xctest"; sourceTree = BUILT_PRODUCTS_DIR; };
		4DD6FE1B1CF4D18700F7D7ED /* Favorite_LocationsTests.swift */ = {isa = PBXFileReference; lastKnownFileType = sourcecode.swift; path = Favorite_LocationsTests.swift; sourceTree = "<group>"; };
		4DD6FE1D1CF4D18700F7D7ED /* Info.plist */ = {isa = PBXFileReference; lastKnownFileType = text.plist.xml; path = Info.plist; sourceTree = "<group>"; };
		4DD6FE221CF4D18700F7D7ED /* Favorite LocationsUITests.xctest */ = {isa = PBXFileReference; explicitFileType = wrapper.cfbundle; includeInIndex = 0; path = "Favorite LocationsUITests.xctest"; sourceTree = BUILT_PRODUCTS_DIR; };
		4DD6FE261CF4D18700F7D7ED /* Favorite_LocationsUITests.swift */ = {isa = PBXFileReference; lastKnownFileType = sourcecode.swift; path = Favorite_LocationsUITests.swift; sourceTree = "<group>"; };
		4DD6FE281CF4D18700F7D7ED /* Info.plist */ = {isa = PBXFileReference; lastKnownFileType = text.plist.xml; path = Info.plist; sourceTree = "<group>"; };
/* End PBXFileReference section */

/* Begin PBXFrameworksBuildPhase section */
		4DD6FE001CF4D18700F7D7ED /* Frameworks */ = {
			isa = PBXFrameworksBuildPhase;
			buildActionMask = 2147483647;
			files = (
				4D22F3FF1CF4DA8400A148D4 /* CoreLocation.framework in Frameworks */,
			);
			runOnlyForDeploymentPostprocessing = 0;
		};
		4DD6FE141CF4D18700F7D7ED /* Frameworks */ = {
			isa = PBXFrameworksBuildPhase;
			buildActionMask = 2147483647;
			files = (
			);
			runOnlyForDeploymentPostprocessing = 0;
		};
		4DD6FE1F1CF4D18700F7D7ED /* Frameworks */ = {
			isa = PBXFrameworksBuildPhase;
			buildActionMask = 2147483647;
			files = (
			);
			runOnlyForDeploymentPostprocessing = 0;
		};
/* End PBXFrameworksBuildPhase section */

/* Begin PBXGroup section */
		4DD6FDFA1CF4D18700F7D7ED = {
			isa = PBXGroup;
			children = (
				4D22F3FE1CF4DA8400A148D4 /* CoreLocation.framework */,
				4DD6FE051CF4D18700F7D7ED /* Favorite Locations */,
				4DD6FE1A1CF4D18700F7D7ED /* Favorite LocationsTests */,
				4DD6FE251CF4D18700F7D7ED /* Favorite LocationsUITests */,
				4DD6FE041CF4D18700F7D7ED /* Products */,
			);
			sourceTree = "<group>";
		};
		4DD6FE041CF4D18700F7D7ED /* Products */ = {
			isa = PBXGroup;
			children = (
				4DD6FE031CF4D18700F7D7ED /* Favorite Locations.app */,
				4DD6FE171CF4D18700F7D7ED /* Favorite LocationsTests.xctest */,
				4DD6FE221CF4D18700F7D7ED /* Favorite LocationsUITests.xctest */,
			);
			name = Products;
			sourceTree = "<group>";
		};
		4DD6FE051CF4D18700F7D7ED /* Favorite Locations */ = {
			isa = PBXGroup;
			children = (
				4DD6FE061CF4D18700F7D7ED /* AppDelegate.swift */,
				4DD6FE081CF4D18700F7D7ED /* ViewController.swift */,
				4D22F3FC1CF4D7C800A148D4 /* TableViewController.swift */,
				4DD6FE0A1CF4D18700F7D7ED /* Main.storyboard */,
				4DD6FE0D1CF4D18700F7D7ED /* Assets.xcassets */,
				4DD6FE0F1CF4D18700F7D7ED /* LaunchScreen.storyboard */,
				4DD6FE121CF4D18700F7D7ED /* Info.plist */,
			);
			path = "Favorite Locations";
			sourceTree = "<group>";
		};
		4DD6FE1A1CF4D18700F7D7ED /* Favorite LocationsTests */ = {
			isa = PBXGroup;
			children = (
				4DD6FE1B1CF4D18700F7D7ED /* Favorite_LocationsTests.swift */,
				4DD6FE1D1CF4D18700F7D7ED /* Info.plist */,
			);
			path = "Favorite LocationsTests";
			sourceTree = "<group>";
		};
		4DD6FE251CF4D18700F7D7ED /* Favorite LocationsUITests */ = {
			isa = PBXGroup;
			children = (
				4DD6FE261CF4D18700F7D7ED /* Favorite_LocationsUITests.swift */,
				4DD6FE281CF4D18700F7D7ED /* Info.plist */,
			);
			path = "Favorite LocationsUITests";
			sourceTree = "<group>";
		};
/* End PBXGroup section */

/* Begin PBXNativeTarget section */
		4DD6FE021CF4D18700F7D7ED /* Favorite Locations */ = {
			isa = PBXNativeTarget;
			buildConfigurationList = 4DD6FE2B1CF4D18700F7D7ED /* Build configuration list for PBXNativeTarget "Favorite Locations" */;
			buildPhases = (
				4DD6FDFF1CF4D18700F7D7ED /* Sources */,
				4DD6FE001CF4D18700F7D7ED /* Frameworks */,
				4DD6FE011CF4D18700F7D7ED /* Resources */,
			);
			buildRules = (
			);
			dependencies = (
			);
			name = "Favorite Locations";
			productName = "Favorite Locations";
			productReference = 4DD6FE031CF4D18700F7D7ED /* Favorite Locations.app */;
			productType = "com.apple.product-type.application";
		};
		4DD6FE161CF4D18700F7D7ED /* Favorite LocationsTests */ = {
			isa = PBXNativeTarget;
			buildConfigurationList = 4DD6FE2E1CF4D18700F7D7ED /* Build configuration list for PBXNativeTarget "Favorite LocationsTests" */;
			buildPhases = (
				4DD6FE131CF4D18700F7D7ED /* Sources */,
				4DD6FE141CF4D18700F7D7ED /* Frameworks */,
				4DD6FE151CF4D18700F7D7ED /* Resources */,
			);
			buildRules = (
			);
			dependencies = (
				4DD6FE191CF4D18700F7D7ED /* PBXTargetDependency */,
			);
			name = "Favorite LocationsTests";
			productName = "Favorite LocationsTests";
			productReference = 4DD6FE171CF4D18700F7D7ED /* Favorite LocationsTests.xctest */;
			productType = "com.apple.product-type.bundle.unit-test";
		};
		4DD6FE211CF4D18700F7D7ED /* Favorite LocationsUITests */ = {
			isa = PBXNativeTarget;
			buildConfigurationList = 4DD6FE311CF4D18700F7D7ED /* Build configuration list for PBXNativeTarget "Favorite LocationsUITests" */;
			buildPhases = (
				4DD6FE1E1CF4D18700F7D7ED /* Sources */,
				4DD6FE1F1CF4D18700F7D7ED /* Frameworks */,
				4DD6FE201CF4D18700F7D7ED /* Resources */,
			);
			buildRules = (
			);
			dependencies = (
				4DD6FE241CF4D18700F7D7ED /* PBXTargetDependency */,
			);
			name = "Favorite LocationsUITests";
			productName = "Favorite LocationsUITests";
			productReference = 4DD6FE221CF4D18700F7D7ED /* Favorite LocationsUITests.xctest */;
			productType = "com.apple.product-type.bundle.ui-testing";
		};
/* End PBXNativeTarget section */

/* Begin PBXProject section */
		4DD6FDFB1CF4D18700F7D7ED /* Project object */ = {
			isa = PBXProject;
			attributes = {
				LastSwiftUpdateCheck = 0730;
				LastUpgradeCheck = 0730;
				ORGANIZATIONNAME = Mark;
				TargetAttributes = {
					4DD6FE021CF4D18700F7D7ED = {
						CreatedOnToolsVersion = 7.3.1;
						DevelopmentTeam = ZU7PA4P32X;
					};
					4DD6FE161CF4D18700F7D7ED = {
						CreatedOnToolsVersion = 7.3.1;
						DevelopmentTeam = ZU7PA4P32X;
						TestTargetID = 4DD6FE021CF4D18700F7D7ED;
					};
					4DD6FE211CF4D18700F7D7ED = {
						CreatedOnToolsVersion = 7.3.1;
						DevelopmentTeam = ZU7PA4P32X;
						TestTargetID = 4DD6FE021CF4D18700F7D7ED;
					};
				};
			};
			buildConfigurationList = 4DD6FDFE1CF4D18700F7D7ED /* Build configuration list for PBXProject "Favorite Locations" */;
			compatibilityVersion = "Xcode 3.2";
			developmentRegion = English;
			hasScannedForEncodings = 0;
			knownRegions = (
				en,
				Base,
			);
			mainGroup = 4DD6FDFA1CF4D18700F7D7ED;
			productRefGroup = 4DD6FE041CF4D18700F7D7ED /* Products */;
			projectDirPath = "";
			projectRoot = "";
			targets = (
				4DD6FE021CF4D18700F7D7ED /* Favorite Locations */,
				4DD6FE161CF4D18700F7D7ED /* Favorite LocationsTests */,
				4DD6FE211CF4D18700F7D7ED /* Favorite LocationsUITests */,
			);
		};
/* End PBXProject section */

/* Begin PBXResourcesBuildPhase section */
		4DD6FE011CF4D18700F7D7ED /* Resources */ = {
			isa = PBXResourcesBuildPhase;
			buildActionMask = 2147483647;
			files = (
				4DD6FE111CF4D18700F7D7ED /* LaunchScreen.storyboard in Resources */,
				4DD6FE0E1CF4D18700F7D7ED /* Assets.xcassets in Resources */,
				4DD6FE0C1CF4D18700F7D7ED /* Main.storyboard in Resources */,
			);
			runOnlyForDeploymentPostprocessing = 0;
		};
		4DD6FE151CF4D18700F7D7ED /* Resources */ = {
			isa = PBXResourcesBuildPhase;
			buildActionMask = 2147483647;
			files = (
			);
			runOnlyForDeploymentPostprocessing = 0;
		};
		4DD6FE201CF4D18700F7D7ED /* Resources */ = {
			isa = PBXResourcesBuildPhase;
			buildActionMask = 2147483647;
			files = (
			);
			runOnlyForDeploymentPostprocessing = 0;
		};
/* End PBXResourcesBuildPhase section */

/* Begin PBXSourcesBuildPhase section */
		4DD6FDFF1CF4D18700F7D7ED /* Sources */ = {
			isa = PBXSourcesBuildPhase;
			buildActionMask = 2147483647;
			files = (
				4DD6FE091CF4D18700F7D7ED /* ViewController.swift in Sources */,
				4D22F3FD1CF4D7C800A148D4 /* TableViewController.swift in Sources */,
				4DD6FE071CF4D18700F7D7ED /* AppDelegate.swift in Sources */,
			);
			runOnlyForDeploymentPostprocessing = 0;
		};
		4DD6FE131CF4D18700F7D7ED /* Sources */ = {
			isa = PBXSourcesBuildPhase;
			buildActionMask = 2147483647;
			files = (
				4DD6FE1C1CF4D18700F7D7ED /* Favorite_LocationsTests.swift in Sources */,
			);
			runOnlyForDeploymentPostprocessing = 0;
		};
		4DD6FE1E1CF4D18700F7D7ED /* Sources */ = {
			isa = PBXSourcesBuildPhase;
			buildActionMask = 2147483647;
			files = (
				4DD6FE271CF4D18700F7D7ED /* Favorite_LocationsUITests.swift in Sources */,
			);
			runOnlyForDeploymentPostprocessing = 0;
		};
/* End PBXSourcesBuildPhase section */

/* Begin PBXTargetDependency section */
		4DD6FE191CF4D18700F7D7ED /* PBXTargetDependency */ = {
			isa = PBXTargetDependency;
			target = 4DD6FE021CF4D18700F7D7ED /* Favorite Locations */;
			targetProxy = 4DD6FE181CF4D18700F7D7ED /* PBXContainerItemProxy */;
		};
		4DD6FE241CF4D18700F7D7ED /* PBXTargetDependency */ = {
			isa = PBXTargetDependency;
			target = 4DD6FE021CF4D18700F7D7ED /* Favorite Locations */;
			targetProxy = 4DD6FE231CF4D18700F7D7ED /* PBXContainerItemProxy */;
		};
/* End PBXTargetDependency section */

/* Begin PBXVariantGroup section */
		4DD6FE0A1CF4D18700F7D7ED /* Main.storyboard */ = {
			isa = PBXVariantGroup;
			children = (
				4DD6FE0B1CF4D18700F7D7ED /* Base */,
			);
			name = Main.storyboard;
			sourceTree = "<group>";
		};
		4DD6FE0F1CF4D18700F7D7ED /* LaunchScreen.storyboard */ = {
			isa = PBXVariantGroup;
			children = (
				4DD6FE101CF4D18700F7D7ED /* Base */,
			);
			name = LaunchScreen.storyboard;
			sourceTree = "<group>";
		};
/* End PBXVariantGroup section */

/* Begin XCBuildConfiguration section */
		4DD6FE291CF4D18700F7D7ED /* Debug */ = {
			isa = XCBuildConfiguration;
			buildSettings = {
				ALWAYS_SEARCH_USER_PATHS = NO;
				CLANG_ANALYZER_NONNULL = YES;
				CLANG_CXX_LANGUAGE_STANDARD = "gnu++0x";
				CLANG_CXX_LIBRARY = "libc++";
				CLANG_ENABLE_MODULES = YES;
				CLANG_ENABLE_OBJC_ARC = YES;
				CLANG_WARN_BOOL_CONVERSION = YES;
				CLANG_WARN_CONSTANT_CONVERSION = YES;
				CLANG_WARN_DIRECT_OBJC_ISA_USAGE = YES_ERROR;
				CLANG_WARN_EMPTY_BODY = YES;
				CLANG_WARN_ENUM_CONVERSION = YES;
				CLANG_WARN_INT_CONVERSION = YES;
				CLANG_WARN_OBJC_ROOT_CLASS = YES_ERROR;
				CLANG_WARN_UNREACHABLE_CODE = YES;
				CLANG_WARN__DUPLICATE_METHOD_MATCH = YES;
				"CODE_SIGN_IDENTITY[sdk=iphoneos*]" = "iPhone Developer";
				COPY_PHASE_STRIP = NO;
				DEBUG_INFORMATION_FORMAT = dwarf;
				ENABLE_STRICT_OBJC_MSGSEND = YES;
				ENABLE_TESTABILITY = YES;
				GCC_C_LANGUAGE_STANDARD = gnu99;
				GCC_DYNAMIC_NO_PIC = NO;
				GCC_NO_COMMON_BLOCKS = YES;
				GCC_OPTIMIZATION_LEVEL = 0;
				GCC_PREPROCESSOR_DEFINITIONS = (
					"DEBUG=1",
					"$(inherited)",
				);
				GCC_WARN_64_TO_32_BIT_CONVERSION = YES;
				GCC_WARN_ABOUT_RETURN_TYPE = YES_ERROR;
				GCC_WARN_UNDECLARED_SELECTOR = YES;
				GCC_WARN_UNINITIALIZED_AUTOS = YES_AGGRESSIVE;
				GCC_WARN_UNUSED_FUNCTION = YES;
				GCC_WARN_UNUSED_VARIABLE = YES;
				IPHONEOS_DEPLOYMENT_TARGET = 9.3;
				MTL_ENABLE_DEBUG_INFO = YES;
				ONLY_ACTIVE_ARCH = YES;
				SDKROOT = iphoneos;
				SWIFT_OPTIMIZATION_LEVEL = "-Onone";
			};
			name = Debug;
		};
		4DD6FE2A1CF4D18700F7D7ED /* Release */ = {
			isa = XCBuildConfiguration;
			buildSettings = {
				ALWAYS_SEARCH_USER_PATHS = NO;
				CLANG_ANALYZER_NONNULL = YES;
				CLANG_CXX_LANGUAGE_STANDARD = "gnu++0x";
				CLANG_CXX_LIBRARY = "libc++";
				CLANG_ENABLE_MODULES = YES;
				CLANG_ENABLE_OBJC_ARC = YES;
				CLANG_WARN_BOOL_CONVERSION = YES;
				CLANG_WARN_CONSTANT_CONVERSION = YES;
				CLANG_WARN_DIRECT_OBJC_ISA_USAGE = YES_ERROR;
				CLANG_WARN_EMPTY_BODY = YES;
				CLANG_WARN_ENUM_CONVERSION = YES;
				CLANG_WARN_INT_CONVERSION = YES;
				CLANG_WARN_OBJC_ROOT_CLASS = YES_ERROR;
				CLANG_WARN_UNREACHABLE_CODE = YES;
				CLANG_WARN__DUPLICATE_METHOD_MATCH = YES;
				"CODE_SIGN_IDENTITY[sdk=iphoneos*]" = "iPhone Developer";
				COPY_PHASE_STRIP = NO;
				DEBUG_INFORMATION_FORMAT = "dwarf-with-dsym";
				ENABLE_NS_ASSERTIONS = NO;
				ENABLE_STRICT_OBJC_MSGSEND = YES;
				GCC_C_LANGUAGE_STANDARD = gnu99;
				GCC_NO_COMMON_BLOCKS = YES;
				GCC_WARN_64_TO_32_BIT_CONVERSION = YES;
				GCC_WARN_ABOUT_RETURN_TYPE = YES_ERROR;
				GCC_WARN_UNDECLARED_SELECTOR = YES;
				GCC_WARN_UNINITIALIZED_AUTOS = YES_AGGRESSIVE;
				GCC_WARN_UNUSED_FUNCTION = YES;
				GCC_WARN_UNUSED_VARIABLE = YES;
				IPHONEOS_DEPLOYMENT_TARGET = 9.3;
				MTL_ENABLE_DEBUG_INFO = NO;
				SDKROOT = iphoneos;
				VALIDATE_PRODUCT = YES;
			};
			name = Release;
		};
		4DD6FE2C1CF4D18700F7D7ED /* Debug */ = {
			isa = XCBuildConfiguration;
			buildSettings = {
				ASSETCATALOG_COMPILER_APPICON_NAME = AppIcon;
				INFOPLIST_FILE = "Favorite Locations/Info.plist";
				LD_RUNPATH_SEARCH_PATHS = "$(inherited) @executable_path/Frameworks";
				PRODUCT_BUNDLE_IDENTIFIER = "com.mark.Favorite-Locations";
				PRODUCT_NAME = "$(TARGET_NAME)";
			};
			name = Debug;
		};
		4DD6FE2D1CF4D18700F7D7ED /* Release */ = {
			isa = XCBuildConfiguration;
			buildSettings = {
				ASSETCATALOG_COMPILER_APPICON_NAME = AppIcon;
				INFOPLIST_FILE = "Favorite Locations/Info.plist";
				LD_RUNPATH_SEARCH_PATHS = "$(inherited) @executable_path/Frameworks";
				PRODUCT_BUNDLE_IDENTIFIER = "com.mark.Favorite-Locations";
				PRODUCT_NAME = "$(TARGET_NAME)";
			};
			name = Release;
		};
		4DD6FE2F1CF4D18700F7D7ED /* Debug */ = {
			isa = XCBuildConfiguration;
			buildSettings = {
				BUNDLE_LOADER = "$(TEST_HOST)";
				INFOPLIST_FILE = "Favorite LocationsTests/Info.plist";
				LD_RUNPATH_SEARCH_PATHS = "$(inherited) @executable_path/Frameworks @loader_path/Frameworks";
				PRODUCT_BUNDLE_IDENTIFIER = "com.mark.Favorite-LocationsTests";
				PRODUCT_NAME = "$(TARGET_NAME)";
				TEST_HOST = "$(BUILT_PRODUCTS_DIR)/Favorite Locations.app/Favorite Locations";
			};
			name = Debug;
		};
		4DD6FE301CF4D18700F7D7ED /* Release */ = {
			isa = XCBuildConfiguration;
			buildSettings = {
				BUNDLE_LOADER = "$(TEST_HOST)";
				INFOPLIST_FILE = "Favorite LocationsTests/Info.plist";
				LD_RUNPATH_SEARCH_PATHS = "$(inherited) @executable_path/Frameworks @loader_path/Frameworks";
				PRODUCT_BUNDLE_IDENTIFIER = "com.mark.Favorite-LocationsTests";
				PRODUCT_NAME = "$(TARGET_NAME)";
				TEST_HOST = "$(BUILT_PRODUCTS_DIR)/Favorite Locations.app/Favorite Locations";
			};
			name = Release;
		};
		4DD6FE321CF4D18700F7D7ED /* Debug */ = {
			isa = XCBuildConfiguration;
			buildSettings = {
				INFOPLIST_FILE = "Favorite LocationsUITests/Info.plist";
				LD_RUNPATH_SEARCH_PATHS = "$(inherited) @executable_path/Frameworks @loader_path/Frameworks";
				PRODUCT_BUNDLE_IDENTIFIER = "com.mark.Favorite-LocationsUITests";
				PRODUCT_NAME = "$(TARGET_NAME)";
				TEST_TARGET_NAME = "Favorite Locations";
			};
			name = Debug;
		};
		4DD6FE331CF4D18700F7D7ED /* Release */ = {
			isa = XCBuildConfiguration;
			buildSettings = {
				INFOPLIST_FILE = "Favorite LocationsUITests/Info.plist";
				LD_RUNPATH_SEARCH_PATHS = "$(inherited) @executable_path/Frameworks @loader_path/Frameworks";
				PRODUCT_BUNDLE_IDENTIFIER = "com.mark.Favorite-LocationsUITests";
				PRODUCT_NAME = "$(TARGET_NAME)";
				TEST_TARGET_NAME = "Favorite Locations";
			};
			name = Release;
		};
/* End XCBuildConfiguration section */

/* Begin XCConfigurationList section */
		4DD6FDFE1CF4D18700F7D7ED /* Build configuration list for PBXProject "Favorite Locations" */ = {
			isa = XCConfigurationList;
			buildConfigurations = (
				4DD6FE291CF4D18700F7D7ED /* Debug */,
				4DD6FE2A1CF4D18700F7D7ED /* Release */,
			);
			defaultConfigurationIsVisible = 0;
			defaultConfigurationName = Release;
		};
		4DD6FE2B1CF4D18700F7D7ED /* Build configuration list for PBXNativeTarget "Favorite Locations" */ = {
			isa = XCConfigurationList;
			buildConfigurations = (
				4DD6FE2C1CF4D18700F7D7ED /* Debug */,
				4DD6FE2D1CF4D18700F7D7ED /* Release */,
			);
			defaultConfigurationIsVisible = 0;
			defaultConfigurationName = Release;
		};
		4DD6FE2E1CF4D18700F7D7ED /* Build configuration list for PBXNativeTarget "Favorite LocationsTests" */ = {
			isa = XCConfigurationList;
			buildConfigurations = (
				4DD6FE2F1CF4D18700F7D7ED /* Debug */,
				4DD6FE301CF4D18700F7D7ED /* Release */,
			);
			defaultConfigurationIsVisible = 0;
			defaultConfigurationName = Release;
		};
		4DD6FE311CF4D18700F7D7ED /* Build configuration list for PBXNativeTarget "Favorite LocationsUITests" */ = {
			isa = XCConfigurationList;
			buildConfigurations = (
				4DD6FE321CF4D18700F7D7ED /* Debug */,
				4DD6FE331CF4D18700F7D7ED /* Release */,
			);
			defaultConfigurationIsVisible = 0;
			defaultConfigurationName = Release;
		};
/* End XCConfigurationList section */
	};
	rootObject = 4DD6FDFB1CF4D18700F7D7ED /* Project object */;
}
